{"format_version":"1.0","provider_schemas":{"registry.terraform.io/keycloak/keycloak":{"provider":{"version":0,"block":{"attributes":{"access_token":{"type":"string","description_kind":"plain","optional":true},"additional_headers":{"type":["map","string"],"description_kind":"plain","optional":true},"admin_url":{"type":"string","description":"The admin URL of the Keycloak instance if different from the main URL, before `/auth`","description_kind":"plain","optional":true},"base_path":{"type":"string","description_kind":"plain","optional":true},"client_id":{"type":"string","description_kind":"plain","optional":true},"client_secret":{"type":"string","description_kind":"plain","optional":true},"client_timeout":{"type":"number","description":"Timeout (in seconds) of the Keycloak client","description_kind":"plain","optional":true},"initial_login":{"type":"bool","description":"Whether or not to login to Keycloak instance on provider initialization","description_kind":"plain","optional":true},"jwt_signing_alg":{"type":"string","description":"The algorithm used to sign the JWT when client-jwt is used. Defaults to RS256.","description_kind":"plain","optional":true},"jwt_signing_key":{"type":"string","description":"The PEM-formatted private key used to sign the JWT when client-jwt is used.","description_kind":"plain","optional":true,"sensitive":true},"jwt_token":{"type":"string","description":"A signed JWT token used for client authentication.","description_kind":"plain","optional":true,"sensitive":true},"jwt_token_file":{"type":"string","description":"A path to a file containing a signed JWT token used for client authentication.","description_kind":"plain","optional":true},"keycloak_version":{"type":"string","description":"The Keycloak version to assume when the server does not report it via the /admin/serverinfo endpoint. Useful on Keycloak 26.4+ when the service account lacks the view-system (or, since 26.5.4, manage-realms) role. Example: \"26.4.7\".","description_kind":"plain","optional":true},"password":{"type":"string","description_kind":"plain","optional":true},"realm":{"type":"string","description_kind":"plain","optional":true},"red_hat_sso":{"type":"bool","description":"When true, the provider will treat the Keycloak instance as a Red Hat SSO server, specifically when parsing the version returned from the /serverinfo API endpoint.","description_kind":"plain","optional":true},"root_ca_certificate":{"type":"string","description":"Allows x509 calls using an unknown CA certificate (for development purposes)","description_kind":"plain","optional":true},"tls_client_certificate":{"type":"string","description":"TLS client certificate as PEM string for mutual authentication","description_kind":"plain","optional":true},"tls_client_private_key":{"type":"string","description":"TLS client private key as PEM string for mutual authentication","description_kind":"plain","optional":true},"tls_insecure_skip_verify":{"type":"bool","description":"Allows ignoring insecure certificates when set to true. Defaults to false. Disabling security check is dangerous and should be avoided.","description_kind":"plain","optional":true},"url":{"type":"string","description":"The base URL of the Keycloak instance, before `/auth`","description_kind":"plain","required":true},"username":{"type":"string","description_kind":"plain","optional":true}},"description_kind":"plain"}},"resource_schemas":{"keycloak_attribute_importer_identity_provider_mapper":{"version":0,"block":{"attributes":{"attribute_friendly_name":{"type":"string","description":"Attribute Friendly Name","description_kind":"plain","optional":true},"attribute_name":{"type":"string","description":"Attribute Name","description_kind":"plain","optional":true},"claim_name":{"type":"string","description":"Claim Name","description_kind":"plain","optional":true},"extra_config":{"type":["map","string"],"description_kind":"plain","optional":true},"id":{"type":"string","description_kind":"plain","optional":true,"computed":true},"identity_provider_alias":{"type":"string","description":"IDP Alias","description_kind":"plain","required":true},"name":{"type":"string","description":"IDP Mapper Name","description_kind":"plain","required":true},"realm":{"type":"string","description":"Realm Name","description_kind":"plain","required":true},"user_attribute":{"type":"string","description":"User Attribute","description_kind":"plain","required":true}},"description_kind":"plain"}},"keycloak_attribute_to_role_identity_provider_mapper":{"version":0,"block":{"attributes":{"attribute_friendly_name":{"type":"string","description":"Attribute Friendly Name","description_kind":"plain","optional":true},"attribute_name":{"type":"string","description":"Attribute Name","description_kind":"plain","optional":true},"attribute_value":{"type":"string","description":"Attribute Value","description_kind":"plain","optional":true},"claim_name":{"type":"string","description":"OIDC Claim Name","description_kind":"plain","optional":true},"claim_value":{"type":"string","description":"OIDC Claim Value","description_kind":"plain","optional":true},"extra_config":{"type":["map","string"],"description_kind":"plain","optional":true},"id":{"type":"string","description_kind":"plain","optional":true,"computed":true},"identity_provider_alias":{"type":"string","description":"IDP Alias","description_kind":"plain","required":true},"name":{"type":"string","description":"IDP Mapper Name","description_kind":"plain","required":true},"realm":{"type":"string","description":"Realm Name","description_kind":"plain","required":true},"role":{"type":"string","description":"Role Name","description_kind":"plain","required":true}},"description_kind":"plain"}},"keycloak_authentication_bindings":{"version":0,"block":{"attributes":{"browser_flow":{"type":"string","description":"Which flow should be used for BrowserFlow","description_kind":"plain","optional":true,"computed":true},"client_authentication_flow":{"type":"string","description":"Which flow should be used for ClientAuthenticationFlow","description_kind":"plain","optional":true,"computed":true},"direct_grant_flow":{"type":"string","description":"Which flow should be used for DirectGrantFlow","description_kind":"plain","optional":true,"computed":true},"docker_authentication_flow":{"type":"string","description":"Which flow should be used for DockerAuthenticationFlow","description_kind":"plain","optional":true,"computed":true},"first_broker_login_flow":{"type":"string","description":"Which flow should be used for FirstBrokerLoginFlow","description_kind":"plain","optional":true,"computed":true},"id":{"type":"string","description_kind":"plain","optional":true,"computed":true},"realm_id":{"type":"string","description_kind":"plain","required":true},"registration_flow":{"type":"string","description":"Which flow should be used for RegistrationFlow","description_kind":"plain","optional":true,"computed":true},"reset_credentials_flow":{"type":"string","description":"Which flow should be used for ResetCredentialsFlow","description_kind":"plain","optional":true,"computed":true}},"description_kind":"plain"}},"keycloak_authentication_execution":{"version":0,"block":{"attributes":{"authenticator":{"type":"string","description_kind":"plain","required":true},"id":{"type":"string","description_kind":"plain","optional":true,"computed":true},"parent_flow_alias":{"type":"string","description_kind":"plain","required":true},"priority":{"type":"number","description_kind":"plain","optional":true},"realm_id":{"type":"string","description_kind":"plain","required":true},"requirement":{"type":"string","description_kind":"plain","optional":true}},"description_kind":"plain"}},"keycloak_authentication_execution_config":{"version":0,"block":{"attributes":{"alias":{"type":"string","description_kind":"plain","required":true},"config":{"type":["map","string"],"description_kind":"plain","required":true},"execution_id":{"type":"string","description_kind":"plain","required":true},"id":{"type":"string","description_kind":"plain","optional":true,"computed":true},"realm_id":{"type":"string","description_kind":"plain","required":true}},"description_kind":"plain"}},"keycloak_authentication_flow":{"version":0,"block":{"attributes":{"alias":{"type":"string","description_kind":"plain","required":true},"description":{"type":"string","description_kind":"plain","optional":true},"id":{"type":"string","description_kind":"plain","optional":true,"computed":true},"provider_id":{"type":"string","description_kind":"plain","optional":true},"realm_id":{"type":"string","description_kind":"plain","required":true}},"description_kind":"plain"}},"keycloak_authentication_subflow":{"version":0,"block":{"attributes":{"alias":{"type":"string","description_kind":"plain","required":true},"authenticator":{"type":"string","description":"Might be needed to be set with certain custom subflow with specific authenticator, in general this will remain empty","description_kind":"plain","optional":true},"description":{"type":"string","description_kind":"plain","optional":true},"id":{"type":"string","description_kind":"plain","optional":true,"computed":true},"parent_flow_alias":{"type":"string","description_kind":"plain","required":true},"priority":{"type":"number","description_kind":"plain","optional":true},"provider_id":{"type":"string","description_kind":"plain","optional":true},"realm_id":{"type":"string","description_kind":"plain","required":true},"requirement":{"type":"string","description_kind":"plain","optional":true}},"description_kind":"plain"}},"keycloak_custom_identity_provider_mapper":{"version":0,"block":{"attributes":{"extra_config":{"type":["map","string"],"description_kind":"plain","optional":true},"id":{"type":"string","description_kind":"plain","optional":true,"computed":true},"identity_provider_alias":{"type":"string","description":"IDP Alias","description_kind":"plain","required":true},"identity_provider_mapper":{"type":"string","description":"IDP Mapper Type","description_kind":"plain","required":true},"name":{"type":"string","description":"IDP Mapper Name","description_kind":"plain","required":true},"realm":{"type":"string","description":"Realm Name","description_kind":"plain","required":true}},"description_kind":"plain"}},"keycloak_custom_user_federation":{"version":0,"block":{"attributes":{"cache_policy":{"type":"string","description_kind":"plain","optional":true},"changed_sync_period":{"type":"number","description":"How frequently Keycloak should sync changed users, in seconds. Omit this property to disable periodic changed users sync.","description_kind":"plain","optional":true},"config":{"type":["map","string"],"description_kind":"plain","optional":true},"enabled":{"type":"bool","description":"When false, this provider will not be used when performing queries for users.","description_kind":"plain","optional":true},"full_sync_period":{"type":"number","description":"How frequently Keycloak should sync all users, in seconds. Omit this property to disable periodic full sync.","description_kind":"plain","optional":true},"id":{"type":"string","description_kind":"plain","optional":true,"computed":true},"name":{"type":"string","description":"Display name of the provider when displayed in the console.","description_kind":"plain","required":true},"parent_id":{"type":"string","description":"The parent_id of the generated component. will use realm_id if not specified.","description_kind":"plain","optional":true,"computed":true},"priority":{"type":"number","description":"Priority of this provider when looking up users. Lower values are first.","description_kind":"plain","optional":true},"provider_id":{"type":"string","description":"The unique ID of the custom provider, specified in the `getId` implementation for the UserStorageProviderFactory interface","description_kind":"plain","required":true},"realm_id":{"type":"string","description":"The realm (name) this provider will provide user federation for.","description_kind":"plain","required":true}},"description_kind":"plain"}},"keycloak_default_groups":{"version":0,"block":{"attributes":{"group_ids":{"type":["set","string"],"description_kind":"plain","required":true},"id":{"type":"string","description_kind":"plain","optional":true,"computed":true},"realm_id":{"type":"string","description_kind":"plain","required":true}},"description_kind":"plain"}},"keycloak_default_roles":{"version":0,"block":{"attributes":{"default_roles":{"type":["set","string"],"description":"Realm level roles (name) assigned to new users.","description_kind":"plain","required":true},"id":{"type":"string","description_kind":"plain","optional":true,"computed":true},"realm_id":{"type":"string","description_kind":"plain","required":true}},"description_kind":"plain"}},"keycloak_generic_client_authorization_policy":{"version":0,"block":{"attributes":{"decision_strategy":{"type":"string","description_kind":"plain","required":true},"description":{"type":"string","description_kind":"plain","optional":true},"id":{"type":"string","description_kind":"plain","optional":true,"computed":true},"logic":{"type":"string","description_kind":"plain","optional":true},"name":{"type":"string","description_kind":"plain","required":true},"realm_id":{"type":"string","description_kind":"plain","required":true},"resource_server_id":{"type":"string","description_kind":"plain","required":true},"type":{"type":"string","description_kind":"plain","required":true}},"description_kind":"plain"}},"keycloak_generic_client_protocol_mapper":{"version":0,"block":{"attributes":{"client_id":{"type":"string","description":"The mapper's associated client. Cannot be used at the same time as client_scope_id.","description_kind":"plain","optional":true},"client_scope_id":{"type":"string","description":"The mapper's associated client scope. Cannot be used at the same time as client_id.","description_kind":"plain","optional":true},"config":{"type":["map","string"],"description_kind":"plain","required":true},"id":{"type":"string","description_kind":"plain","optional":true,"computed":true},"name":{"type":"string","description":"A human-friendly name that will appear in the Keycloak console.","description_kind":"plain","required":true},"protocol":{"type":"string","description":"The protocol of the client (openid-connect / saml).","description_kind":"plain","required":true},"protocol_mapper":{"type":"string","description":"The type of the protocol mapper.","description_kind":"plain","required":true},"realm_id":{"type":"string","description":"The realm id where the associated client or client scope exists.","description_kind":"plain","required":true}},"description_kind":"plain","deprecated":true}},"keycloak_generic_client_role_mapper":{"version":0,"block":{"attributes":{"client_id":{"type":"string","description":"The destination client of the role. Cannot be used at the same time as client_scope_id.","description_kind":"plain","optional":true},"client_scope_id":{"type":"string","description":"The destination client scope of the role. Cannot be used at the same time as client_id.","description_kind":"plain","optional":true},"id":{"type":"string","description_kind":"plain","optional":true,"computed":true},"realm_id":{"type":"string","description":"The realm id where the associated client or client scope exists.","description_kind":"plain","required":true},"role_id":{"type":"string","description":"Id of the role to assign","description_kind":"plain","required":true}},"description_kind":"plain","deprecated":true}},"keycloak_generic_protocol_mapper":{"version":0,"block":{"attributes":{"client_id":{"type":"string","description":"The mapper's associated client. Cannot be used at the same time as client_scope_id.","description_kind":"plain","optional":true},"client_scope_id":{"type":"string","description":"The mapper's associated client scope. Cannot be used at the same time as client_id.","description_kind":"plain","optional":true},"config":{"type":["map","string"],"description_kind":"plain","required":true},"id":{"type":"string","description_kind":"plain","optional":true,"computed":true},"name":{"type":"string","description":"A human-friendly name that will appear in the Keycloak console.","description_kind":"plain","required":true},"protocol":{"type":"string","description":"The protocol of the client (openid-connect / saml).","description_kind":"plain","required":true},"protocol_mapper":{"type":"string","description":"The type of the protocol mapper.","description_kind":"plain","required":true},"realm_id":{"type":"string","description":"The realm id where the associated client or client scope exists.","description_kind":"plain","required":true}},"description_kind":"plain"}},"keycloak_generic_role_mapper":{"version":0,"block":{"attributes":{"client_id":{"type":"string","description":"The destination client of the role. Cannot be used at the same time as client_scope_id.","description_kind":"plain","optional":true},"client_scope_id":{"type":"string","description":"The destination client scope of the role. Cannot be used at the same time as client_id.","description_kind":"plain","optional":true},"id":{"type":"string","description_kind":"plain","optional":true,"computed":true},"realm_id":{"type":"string","description":"The realm id where the associated client or client scope exists.","description_kind":"plain","required":true},"role_id":{"type":"string","description":"Id of the role to assign","description_kind":"plain","required":true}},"description_kind":"plain"}},"keycloak_group":{"version":0,"block":{"attributes":{"attributes":{"type":["map","string"],"description_kind":"plain","optional":true},"description":{"type":"string","description_kind":"plain","optional":true},"id":{"type":"string","description_kind":"plain","optional":true,"computed":true},"name":{"type":"string","description_kind":"plain","required":true},"organization_id":{"type":"string","description_kind":"plain","optional":true},"parent_id":{"type":"string","description_kind":"plain","optional":true},"path":{"type":"string","description_kind":"plain","computed":true},"realm_id":{"type":"string","description_kind":"plain","required":true}},"description_kind":"plain"}},"keycloak_group_admin_permissions":{"version":0,"block":{"attributes":{"authorization_resource_server_id":{"type":"string","description":"Resource server id of the admin-permissions client on which this permission is managed","description_kind":"plain","computed":true},"decision_strategy":{"type":"string","description_kind":"plain","optional":true},"description":{"type":"string","description_kind":"plain","optional":true},"enabled":{"type":"bool","description_kind":"plain","computed":true},"group_ids":{"type":["set","string"],"description":"Group UUIDs this permission applies to. Leave empty to target all groups in the realm.","description_kind":"plain","optional":true},"id":{"type":"string","description_kind":"plain","optional":true,"computed":true},"name":{"type":"string","description_kind":"plain","required":true},"permission_id":{"type":"string","description_kind":"plain","computed":true},"policies":{"type":["set","string"],"description_kind":"plain","optional":true},"realm_id":{"type":"string","description_kind":"plain","required":true},"scopes":{"type":["set","string"],"description_kind":"plain","required":true}},"description_kind":"plain"}},"keycloak_group_memberships":{"version":0,"block":{"attributes":{"group_id":{"type":"string","description_kind":"plain","optional":true},"id":{"type":"string","description_kind":"plain","optional":true,"computed":true},"members":{"type":["set","string"],"description_kind":"plain","required":true},"realm_id":{"type":"string","description_kind":"plain","required":true}},"description_kind":"plain"}},"keycloak_group_permissions":{"version":0,"block":{"attributes":{"authorization_resource_server_id":{"type":"string","description":"Resource server id representing the realm management client on which this permission is managed","description_kind":"plain","computed":true},"enabled":{"type":"bool","description_kind":"plain","computed":true},"group_id":{"type":"string","description_kind":"plain","required":true},"id":{"type":"string","description_kind":"plain","optional":true,"computed":true},"realm_id":{"type":"string","description_kind":"plain","required":true}},"block_types":{"manage_members_scope":{"nesting_mode":"set","block":{"attributes":{"decision_strategy":{"type":"string","description_kind":"plain","optional":true},"description":{"type":"string","description_kind":"plain","optional":true},"policies":{"type":["set","string"],"description_kind":"plain","optional":true}},"description_kind":"plain"},"max_items":1},"manage_membership_scope":{"nesting_mode":"set","block":{"attributes":{"decision_strategy":{"type":"string","description_kind":"plain","optional":true},"description":{"type":"string","description_kind":"plain","optional":true},"policies":{"type":["set","string"],"description_kind":"plain","optional":true}},"description_kind":"plain"},"max_items":1},"manage_scope":{"nesting_mode":"set","block":{"attributes":{"decision_strategy":{"type":"string","description_kind":"plain","optional":true},"description":{"type":"string","description_kind":"plain","optional":true},"policies":{"type":["set","string"],"description_kind":"plain","optional":true}},"description_kind":"plain"},"max_items":1},"view_members_scope":{"nesting_mode":"set","block":{"attributes":{"decision_strategy":{"type":"string","description_kind":"plain","optional":true},"description":{"type":"string","description_kind":"plain","optional":true},"policies":{"type":["set","string"],"description_kind":"plain","optional":true}},"description_kind":"plain"},"max_items":1},"view_scope":{"nesting_mode":"set","block":{"attributes":{"decision_strategy":{"type":"string","description_kind":"plain","optional":true},"description":{"type":"string","description_kind":"plain","optional":true},"policies":{"type":["set","string"],"description_kind":"plain","optional":true}},"description_kind":"plain"},"max_items":1}},"description_kind":"plain"}},"keycloak_group_roles":{"version":0,"block":{"attributes":{"exhaustive":{"type":"bool","description_kind":"plain","optional":true},"group_id":{"type":"string","description_kind":"plain","required":true},"id":{"type":"string","description_kind":"plain","optional":true,"computed":true},"realm_id":{"type":"string","description_kind":"plain","required":true},"role_ids":{"type":["set","string"],"description_kind":"plain","required":true}},"description_kind":"plain"}},"keycloak_hardcoded_attribute_identity_provider_mapper":{"version":0,"block":{"attributes":{"attribute_name":{"type":"string","description":"OIDC Claim","description_kind":"plain","optional":true},"attribute_value":{"type":"string","description":"User Attribute","description_kind":"plain","optional":true},"extra_config":{"type":["map","string"],"description_kind":"plain","optional":true},"id":{"type":"string","description_kind":"plain","optional":true,"computed":true},"identity_provider_alias":{"type":"string","description":"IDP Alias","description_kind":"plain","required":true},"name":{"type":"string","description":"IDP Mapper Name","description_kind":"plain","required":true},"realm":{"type":"string","description":"Realm Name","description_kind":"plain","required":true},"user_session":{"type":"bool","description":"Is Attribute Related To a User Session","description_kind":"plain","required":true}},"description_kind":"plain"}},"keycloak_hardcoded_attribute_mapper":{"version":0,"block":{"attributes":{"attribute_name":{"type":"string","description":"Name of the user schema attribute","description_kind":"plain","required":true},"attribute_value":{"type":"string","description":"Value of the attribute. You can hardcode any value like 'foo'","description_kind":"plain","required":true},"id":{"type":"string","description_kind":"plain","optional":true,"computed":true},"ldap_user_federation_id":{"type":"string","description":"The ldap user federation provider to attach this mapper to.","description_kind":"plain","required":true},"name":{"type":"string","description":"Display name of the mapper when displayed in the console.","description_kind":"plain","required":true},"realm_id":{"type":"string","description":"The realm in which the ldap user federation provider exists.","description_kind":"plain","required":true}},"description_kind":"plain"}},"keycloak_hardcoded_group_identity_provider_mapper":{"version":0,"block":{"attributes":{"extra_config":{"type":["map","string"],"description_kind":"plain","optional":true},"group":{"type":"string","description":"Group Name","description_kind":"plain","optional":true},"id":{"type":"string","description_kind":"plain","optional":true,"computed":true},"identity_provider_alias":{"type":"string","description":"IDP Alias","description_kind":"plain","required":true},"name":{"type":"string","description":"IDP Mapper Name","description_kind":"plain","required":true},"realm":{"type":"string","description":"Realm Name","description_kind":"plain","required":true}},"description_kind":"plain"}},"keycloak_hardcoded_role_identity_provider_mapper":{"version":0,"block":{"attributes":{"extra_config":{"type":["map","string"],"description_kind":"plain","optional":true},"id":{"type":"string","description_kind":"plain","optional":true,"computed":true},"identity_provider_alias":{"type":"string","description":"IDP Alias","description_kind":"plain","required":true},"name":{"type":"string","description":"IDP Mapper Name","description_kind":"plain","required":true},"realm":{"type":"string","description":"Realm Name","description_kind":"plain","required":true},"role":{"type":"string","description":"Role Name","description_kind":"plain","optional":true}},"description_kind":"plain"}},"keycloak_identity_provider_token_exchange_scope_permission":{"version":0,"block":{"attributes":{"authorization_idp_resource_id":{"type":"string","description":"Resource id representing the identity provider, this automatically created by keycloak","description_kind":"plain","computed":true},"authorization_resource_server_id":{"type":"string","description":"Resource server id representing the realm management client on which this permission is managed","description_kind":"plain","computed":true},"authorization_token_exchange_scope_permission_id":{"type":"string","description":"Permission id representing the Permission with scope 'Token Exchange' and the resource 'authorization_idp_resource_id', this automatically created by keycloak, the policy id will be set on this permission","description_kind":"plain","computed":true},"clients":{"type":["set","string"],"description":"Ids of the clients for which a policy will be created and set on scope based token exchange permission","description_kind":"plain","required":true},"id":{"type":"string","description_kind":"plain","optional":true,"computed":true},"policy_id":{"type":"string","description":"Policy id that will be set on the scope based token exchange permission automatically created by enabling permissions on the reference identity provider","description_kind":"plain","computed":true},"policy_type":{"type":"string","description":"Type of policy that is created. At the moment only 'client' type is supported","description_kind":"plain","optional":true},"provider_alias":{"type":"string","description_kind":"plain","required":true},"realm_id":{"type":"string","description_kind":"plain","required":true}},"description_kind":"plain"}},"keycloak_kubernetes_identity_provider":{"version":0,"block":{"attributes":{"add_read_token_role_on_create":{"type":"bool","description":"Enable/disable if new users can read any stored tokens. This assigns the broker.read-token role.","description_kind":"plain","optional":true},"alias":{"type":"string","description":"The alias uniquely identifies an identity provider and it is also used to build the redirect uri.","description_kind":"plain","required":true},"authenticate_by_default":{"type":"bool","description":"Enable/disable authenticate users by default.","description_kind":"plain","optional":true},"display_name":{"type":"string","description":"Friendly name for Identity Providers.","description_kind":"plain","optional":true},"enabled":{"type":"bool","description":"Enable/disable this identity provider.","description_kind":"plain","optional":true},"extra_config":{"type":["map","string"],"description_kind":"plain","optional":true},"first_broker_login_flow_alias":{"type":"string","description":"Alias of authentication flow, which is triggered after first login with this identity provider. Term 'First Login' means that there is not yet existing Keycloak account linked with the authenticated identity provider account.","description_kind":"plain","optional":true},"gui_order":{"type":"string","description":"GUI Order","description_kind":"plain","optional":true},"hide_on_login_page":{"type":"bool","description":"This is always set to true for Kubernetes identity provider.","description_kind":"plain","computed":true},"id":{"type":"string","description_kind":"plain","optional":true,"computed":true},"internal_id":{"type":"string","description":"Internal Identity Provider Id","description_kind":"plain","computed":true},"issuer":{"type":"string","description":"The issuer of the Kubernetes service account tokens. Depending your Keycloak Realm \"ssl_required\" setting, this may need to be an HTTPS URL.","description_kind":"plain","required":true},"link_only":{"type":"bool","description":"If true, users cannot log in through this provider.  They can only link to this provider.  This is useful if you don't want to allow login from the provider, but want to integrate with a provider","description_kind":"plain","optional":true},"org_domain":{"type":"string","description_kind":"plain","optional":true},"org_redirect_mode_email_matches":{"type":"bool","description_kind":"plain","optional":true},"organization_id":{"type":"string","description":"ID of organization with which this identity is linked.","description_kind":"plain","optional":true},"post_broker_login_flow_alias":{"type":"string","description":"Alias of authentication flow, which is triggered after each login with this identity provider. Useful if you want additional verification of each user authenticated with this identity provider (for example OTP). Leave this empty if you don't want any additional authenticators to be triggered after login with this identity provider. Also note, that authenticator implementations must assume that user is already set in ClientSession as identity provider already set it.","description_kind":"plain","optional":true},"provider_id":{"type":"string","description":"Provider ID, is always kubernetes.","description_kind":"plain","optional":true},"realm":{"type":"string","description":"Realm Name","description_kind":"plain","required":true},"store_token":{"type":"bool","description":"Enable/disable if tokens must be stored after authenticating users.","description_kind":"plain","optional":true},"sync_mode":{"type":"string","description":"Sync Mode","description_kind":"plain","optional":true},"trust_email":{"type":"bool","description":"If enabled then email provided by this provider is not verified even if verification is enabled for the realm.","description_kind":"plain","optional":true}},"description_kind":"plain"}},"keycloak_ldap_custom_mapper":{"version":0,"block":{"attributes":{"config":{"type":["map","string"],"description_kind":"plain","optional":true},"id":{"type":"string","description_kind":"plain","optional":true,"computed":true},"ldap_user_federation_id":{"type":"string","description":"The ldap user federation provider to attach this mapper to.","description_kind":"plain","required":true},"name":{"type":"string","description":"Display name of the mapper when displayed in the console.","description_kind":"plain","required":true},"provider_id":{"type":"string","description":"ID of the custom LDAP mapper.","description_kind":"plain","required":true},"provider_type":{"type":"string","description":"Fully-qualified name of the Java class implementing the custom LDAP mapper.","description_kind":"plain","required":true},"realm_id":{"type":"string","description":"The realm in which the ldap user federation provider exists.","description_kind":"plain","required":true}},"description_kind":"plain"}},"keycloak_ldap_full_name_mapper":{"version":0,"block":{"attributes":{"id":{"type":"string","description_kind":"plain","optional":true,"computed":true},"ldap_full_name_attribute":{"type":"string","description_kind":"plain","required":true},"ldap_user_federation_id":{"type":"string","description":"The ldap user federation provider to attach this mapper to.","description_kind":"plain","required":true},"name":{"type":"string","description":"Display name of the mapper when displayed in the console.","description_kind":"plain","required":true},"read_only":{"type":"bool","description_kind":"plain","optional":true},"realm_id":{"type":"string","description":"The realm in which the ldap user federation provider exists.","description_kind":"plain","required":true},"write_only":{"type":"bool","description_kind":"plain","optional":true}},"description_kind":"plain"}},"keycloak_ldap_group_mapper":{"version":0,"block":{"attributes":{"drop_non_existing_groups_during_sync":{"type":"bool","description_kind":"plain","optional":true},"group_name_ldap_attribute":{"type":"string","description_kind":"plain","required":true},"group_object_classes":{"type":["list","string"],"description_kind":"plain","required":true},"groups_ldap_filter":{"type":"string","description_kind":"plain","optional":true},"groups_path":{"type":"string","description_kind":"plain","optional":true,"computed":true},"id":{"type":"string","description_kind":"plain","optional":true,"computed":true},"ignore_missing_groups":{"type":"bool","description_kind":"plain","optional":true},"ldap_groups_dn":{"type":"string","description_kind":"plain","required":true},"ldap_user_federation_id":{"type":"string","description":"The ldap user federation provider to attach this mapper to.","description_kind":"plain","required":true},"mapped_group_attributes":{"type":["list","string"],"description_kind":"plain","optional":true},"memberof_ldap_attribute":{"type":"string","description_kind":"plain","optional":true},"membership_attribute_type":{"type":"string","description_kind":"plain","optional":true},"membership_ldap_attribute":{"type":"string","description_kind":"plain","required":true},"membership_user_ldap_attribute":{"type":"string","description_kind":"plain","required":true},"mode":{"type":"string","description_kind":"plain","optional":true},"name":{"type":"string","description":"Display name of the mapper when displayed in the console.","description_kind":"plain","required":true},"preserve_group_inheritance":{"type":"bool","description_kind":"plain","optional":true},"realm_id":{"type":"string","description":"The realm in which the ldap user federation provider exists.","description_kind":"plain","required":true},"user_roles_retrieve_strategy":{"type":"string","description_kind":"plain","optional":true}},"description_kind":"plain"}},"keycloak_ldap_hardcoded_attribute_mapper":{"version":0,"block":{"attributes":{"attribute_name":{"type":"string","description":"Name of the LDAP attribute","description_kind":"plain","required":true},"attribute_value":{"type":"string","description":"Value of the LDAP attribute. You can hardcode any value like 'foo'","description_kind":"plain","required":true},"id":{"type":"string","description_kind":"plain","optional":true,"computed":true},"ldap_user_federation_id":{"type":"string","description":"The ldap user federation provider to attach this mapper to.","description_kind":"plain","required":true},"name":{"type":"string","description":"Display name of the mapper when displayed in the console.","description_kind":"plain","required":true},"realm_id":{"type":"string","description":"The realm in which the ldap user federation provider exists.","description_kind":"plain","required":true}},"description_kind":"plain"}},"keycloak_ldap_hardcoded_group_mapper":{"version":0,"block":{"attributes":{"group":{"type":"string","description":"Group to grant to user.","description_kind":"plain","required":true},"id":{"type":"string","description_kind":"plain","optional":true,"computed":true},"ldap_user_federation_id":{"type":"string","description":"The ldap user federation provider to attach this mapper to.","description_kind":"plain","required":true},"name":{"type":"string","description":"Display name of the mapper when displayed in the console.","description_kind":"plain","required":true},"realm_id":{"type":"string","description":"The realm in which the ldap user federation provider exists.","description_kind":"plain","required":true}},"description_kind":"plain"}},"keycloak_ldap_hardcoded_role_mapper":{"version":0,"block":{"attributes":{"id":{"type":"string","description_kind":"plain","optional":true,"computed":true},"ldap_user_federation_id":{"type":"string","description":"The ldap user federation provider to attach this mapper to.","description_kind":"plain","required":true},"name":{"type":"string","description":"Display name of the mapper when displayed in the console.","description_kind":"plain","required":true},"realm_id":{"type":"string","description":"The realm in which the ldap user federation provider exists.","description_kind":"plain","required":true},"role":{"type":"string","description":"Role to grant to user.","description_kind":"plain","required":true}},"description_kind":"plain"}},"keycloak_ldap_msad_lds_user_account_control_mapper":{"version":0,"block":{"attributes":{"id":{"type":"string","description_kind":"plain","optional":true,"computed":true},"ldap_user_federation_id":{"type":"string","description":"The ldap user federation provider to attach this mapper to.","description_kind":"plain","required":true},"name":{"type":"string","description":"Display name of the mapper when displayed in the console.","description_kind":"plain","required":true},"realm_id":{"type":"string","description":"The realm in which the ldap user federation provider exists.","description_kind":"plain","required":true}},"description_kind":"plain"}},"keycloak_ldap_msad_user_account_control_mapper":{"version":0,"block":{"attributes":{"id":{"type":"string","description_kind":"plain","optional":true,"computed":true},"ldap_password_policy_hints_enabled":{"type":"bool","description_kind":"plain","optional":true},"ldap_user_federation_id":{"type":"string","description":"The ldap user federation provider to attach this mapper to.","description_kind":"plain","required":true},"name":{"type":"string","description":"Display name of the mapper when displayed in the console.","description_kind":"plain","required":true},"realm_id":{"type":"string","description":"The realm in which the ldap user federation provider exists.","description_kind":"plain","required":true}},"description_kind":"plain"}},"keycloak_ldap_role_mapper":{"version":0,"block":{"attributes":{"client_id":{"type":"string","description_kind":"plain","optional":true},"id":{"type":"string","description_kind":"plain","optional":true,"computed":true},"ldap_roles_dn":{"type":"string","description_kind":"plain","required":true},"ldap_user_federation_id":{"type":"string","description":"The ldap user federation provider to attach this mapper to.","description_kind":"plain","required":true},"memberof_ldap_attribute":{"type":"string","description_kind":"plain","optional":true},"membership_attribute_type":{"type":"string","description_kind":"plain","optional":true},"membership_ldap_attribute":{"type":"string","description_kind":"plain","required":true},"membership_user_ldap_attribute":{"type":"string","description_kind":"plain","required":true},"mode":{"type":"string","description_kind":"plain","optional":true},"name":{"type":"string","description":"Display name of the mapper when displayed in the console.","description_kind":"plain","required":true},"realm_id":{"type":"string","description":"The realm in which the ldap user federation provider exists.","description_kind":"plain","required":true},"role_name_ldap_attribute":{"type":"string","description_kind":"plain","required":true},"role_object_classes":{"type":["list","string"],"description_kind":"plain","required":true},"roles_ldap_filter":{"type":"string","description_kind":"plain","optional":true},"use_realm_roles_mapping":{"type":"bool","description_kind":"plain","optional":true},"user_roles_retrieve_strategy":{"type":"string","description_kind":"plain","optional":true}},"description_kind":"plain"}},"keycloak_ldap_user_attribute_mapper":{"version":0,"block":{"attributes":{"always_read_value_from_ldap":{"type":"bool","description":"When true, the value fetched from LDAP will override the value stored in Keycloak.","description_kind":"plain","optional":true},"attribute_default_value":{"type":"string","description":"Default value to set in LDAP if is_mandatory_in_ldap and the value is empty","description_kind":"plain","optional":true},"attribute_force_default":{"type":"bool","description":"When true, an empty default value is forced for mandatory attributes even when a default value is not specified.","description_kind":"plain","optional":true},"id":{"type":"string","description_kind":"plain","optional":true,"computed":true},"is_binary_attribute":{"type":"bool","description":"Should be true for binary LDAP attributes","description_kind":"plain","optional":true},"is_mandatory_in_ldap":{"type":"bool","description":"When true, this attribute must exist in LDAP.","description_kind":"plain","optional":true},"ldap_attribute":{"type":"string","description":"Name of the mapped attribute on LDAP object.","description_kind":"plain","required":true},"ldap_user_federation_id":{"type":"string","description":"The ldap user federation provider to attach this mapper to.","description_kind":"plain","required":true},"name":{"type":"string","description":"Display name of the mapper when displayed in the console.","description_kind":"plain","required":true},"read_only":{"type":"bool","description":"When true, this attribute is not saved back to LDAP when the user attribute is updated in Keycloak.","description_kind":"plain","optional":true},"realm_id":{"type":"string","description":"The realm in which the ldap user federation provider exists.","description_kind":"plain","required":true},"user_model_attribute":{"type":"string","description":"Name of the UserModel property or attribute you want to map the LDAP attribute into.","description_kind":"plain","required":true}},"description_kind":"plain"}},"keycloak_ldap_user_federation":{"version":0,"block":{"attributes":{"batch_size_for_sync":{"type":"number","description":"The number of users to sync within a single transaction.","description_kind":"plain","optional":true},"bind_credential":{"type":"string","description":"Password of LDAP admin.","description_kind":"plain","optional":true,"sensitive":true},"bind_dn":{"type":"string","description":"DN of LDAP admin, which will be used by Keycloak to access LDAP server.","description_kind":"plain","optional":true},"changed_sync_period":{"type":"number","description":"How frequently Keycloak should sync changed LDAP users, in seconds. Omit this property to disable periodic changed users sync.","description_kind":"plain","optional":true},"connection_pooling":{"type":"bool","description":"When true, Keycloak will use connection pooling when connecting to LDAP.","description_kind":"plain","optional":true},"connection_timeout":{"type":"string","description":"LDAP connection timeout (duration string)","description_kind":"plain","optional":true},"connection_url":{"type":"string","description":"Connection URL to the LDAP server.","description_kind":"plain","required":true},"custom_user_search_filter":{"type":"string","description":"Additional LDAP filter for filtering searched users. Must begin with '(' and end with ')'.","description_kind":"plain","optional":true},"debug":{"type":"string","description":"true: enables debug logging for Krb5LoginModule. false: disables debug logging for Krb5LoginModule","description_kind":"plain","optional":true},"delete_default_mappers":{"type":"bool","description":"When true, the provider will delete the default mappers which are normally created by Keycloak when creating an LDAP user federation provider.","description_kind":"plain","optional":true},"edit_mode":{"type":"string","description":"READ_ONLY and WRITABLE are self-explanatory. UNSYNCED allows user data to be imported but not synced back to LDAP.","description_kind":"plain","optional":true},"enabled":{"type":"bool","description":"When false, this provider will not be used when performing queries for users.","description_kind":"plain","optional":true},"full_sync_period":{"type":"number","description":"How frequently Keycloak should sync all LDAP users, in seconds. Omit this property to disable periodic full sync.","description_kind":"plain","optional":true},"id":{"type":"string","description_kind":"plain","optional":true,"computed":true},"import_enabled":{"type":"bool","description":"When true, LDAP users will be imported into the Keycloak database.","description_kind":"plain","optional":true},"krb_principal_attribute":{"type":"string","description":"Name of the LDAP attribute, which refers to Kerberos principal. This is used to lookup appropriate LDAP user after successful Kerberos/SPNEGO authentication in Keycloak. When this is empty, the LDAP user will be looked based on LDAP username corresponding to the first part of his Kerberos principal. For instance, for principal 'john@KEYCLOAK.ORG', it will assume that LDAP username is 'john'.","description_kind":"plain","optional":true,"computed":true},"name":{"type":"string","description":"Display name of the provider when displayed in the console.","description_kind":"plain","required":true},"pagination":{"type":"bool","description":"When true, Keycloak assumes the LDAP server supports pagination.","description_kind":"plain","optional":true},"priority":{"type":"number","description":"Priority of this provider when looking up users. Lower values are first.","description_kind":"plain","optional":true},"rdn_ldap_attribute":{"type":"string","description":"Name of the LDAP attribute to use as the relative distinguished name.","description_kind":"plain","required":true},"read_timeout":{"type":"string","description":"LDAP read timeout (duration string)","description_kind":"plain","optional":true},"realm_id":{"type":"string","description":"The realm this provider will provide user federation for.","description_kind":"plain","required":true},"relative_create_dn":{"type":"string","description":"Relative DN of LDAP tree where new users will be created. Keycloak will use the Users DN as the base for the new user's DN.","description_kind":"plain","optional":true},"search_scope":{"type":"string","description":"ONE_LEVEL: only search for users in the DN specified by user_dn. SUBTREE: search entire LDAP subtree.","description_kind":"plain","optional":true},"start_tls":{"type":"bool","description":"When true, Keycloak will encrypt the connection to LDAP using STARTTLS, which will disable connection pooling.","description_kind":"plain","optional":true},"sync_registrations":{"type":"bool","description":"When true, newly created users will be synced back to LDAP.","description_kind":"plain","optional":true},"trust_email":{"type":"bool","description":"If enabled, email provided by this provider is not verified even if verification is enabled for the realm.","description_kind":"plain","optional":true},"use_password_modify_extended_op":{"type":"bool","description":"When `true`, use the LDAPv3 Password Modify Extended Operation (RFC-3062).","description_kind":"plain","optional":true},"use_truststore_spi":{"type":"string","description_kind":"plain","optional":true},"user_object_classes":{"type":["list","string"],"description":"All values of LDAP objectClass attribute for users in LDAP.","description_kind":"plain","required":true},"username_ldap_attribute":{"type":"string","description":"Name of the LDAP attribute to use as the Keycloak username.","description_kind":"plain","required":true},"users_dn":{"type":"string","description":"Full DN of LDAP tree where your users are.","description_kind":"plain","required":true},"uuid_ldap_attribute":{"type":"string","description":"Name of the LDAP attribute to use as a unique object identifier for objects in LDAP.","description_kind":"plain","required":true},"validate_password_policy":{"type":"bool","description":"When true, Keycloak will validate passwords using the realm policy before updating it.","description_kind":"plain","optional":true},"vendor":{"type":"string","description":"LDAP vendor. I am almost certain this field does nothing, but the UI indicates that it is required.","description_kind":"plain","optional":true}},"block_types":{"cache":{"nesting_mode":"list","block":{"attributes":{"eviction_day":{"type":"number","description":"Day of the week the entry will become invalid on.","description_kind":"plain","optional":true},"eviction_hour":{"type":"number","description":"Hour of day the entry will become invalid on.","description_kind":"plain","optional":true},"eviction_minute":{"type":"number","description":"Minute of day the entry will become invalid on.","description_kind":"plain","optional":true},"max_lifespan":{"type":"string","description":"Max lifespan of cache entry (duration string).","description_kind":"plain","optional":true},"policy":{"type":"string","description_kind":"plain","optional":true}},"description":"Settings regarding cache policy for this realm.","description_kind":"plain"},"max_items":1},"kerberos":{"nesting_mode":"set","block":{"attributes":{"kerberos_realm":{"type":"string","description":"The name of the kerberos realm, e.g. FOO.LOCAL","description_kind":"plain","required":true},"key_tab":{"type":"string","description":"Path to the kerberos keytab file on the server with credentials of the service principal.","description_kind":"plain","required":true},"server_principal":{"type":"string","description":"The kerberos server principal, e.g. 'HTTP/host.foo.com@FOO.LOCAL'.","description_kind":"plain","required":true},"use_kerberos_for_password_authentication":{"type":"bool","description":"Use kerberos login module instead of ldap service api. Defaults to `false`.","description_kind":"plain","optional":true}},"description":"Settings regarding kerberos authentication for this realm.","description_kind":"plain"},"max_items":1}},"description_kind":"plain"}},"keycloak_oidc_facebook_identity_provider":{"version":0,"block":{"attributes":{"accepts_prompt_none_forward_from_client":{"type":"bool","description":"This is just used together with Identity Provider Authenticator or when kc_idp_hint points to this identity provider. In case that client sends a request with prompt=none and user is not yet authenticated, the error will not be directly returned to client, but the request with prompt=none will be forwarded to this identity provider.","description_kind":"plain","optional":true},"add_read_token_role_on_create":{"type":"bool","description":"Enable/disable if new users can read any stored tokens. This assigns the broker.read-token role.","description_kind":"plain","optional":true},"alias":{"type":"string","description":"The alias uniquely identifies an identity provider and it is also used to build the redirect uri.","description_kind":"plain","optional":true,"computed":true},"authenticate_by_default":{"type":"bool","description":"Enable/disable authenticate users by default.","description_kind":"plain","optional":true},"client_id":{"type":"string","description":"The client identifier registered with the Facebook identity provider.","description_kind":"plain","required":true},"client_secret":{"type":"string","description":"The client secret registered with the Facebook identity provider.","description_kind":"plain","required":true,"sensitive":true},"default_scopes":{"type":"string","description":"The scopes to be sent when asking for authorization. See the documentation for possible values, separator and default value'. Default: 'openid profile email'","description_kind":"plain","optional":true},"disable_user_info":{"type":"bool","description":"Disable usage of User Info service to obtain additional user information?  Default is to use this OIDC service.","description_kind":"plain","optional":true},"display_name":{"type":"string","description":"The human-friendly name of the identity provider, used in the log in form.","description_kind":"plain","optional":true,"computed":true},"enabled":{"type":"bool","description":"Enable/disable this identity provider.","description_kind":"plain","optional":true},"extra_config":{"type":["map","string"],"description_kind":"plain","optional":true},"fetched_fields":{"type":"string","description":"Provide additional fields which would be fetched using the profile request. This will be appended to the default set of 'id,name,email,first_name,last_name'.","description_kind":"plain","optional":true},"first_broker_login_flow_alias":{"type":"string","description":"Alias of authentication flow, which is triggered after first login with this identity provider. Term 'First Login' means that there is not yet existing Keycloak account linked with the authenticated identity provider account.","description_kind":"plain","optional":true},"gui_order":{"type":"string","description":"GUI Order","description_kind":"plain","optional":true},"hide_on_login_page":{"type":"bool","description":"Hide On Login Page.","description_kind":"plain","optional":true},"id":{"type":"string","description_kind":"plain","optional":true,"computed":true},"internal_id":{"type":"string","description":"Internal Identity Provider Id","description_kind":"plain","computed":true},"link_only":{"type":"bool","description":"If true, users cannot log in through this provider.  They can only link to this provider.  This is useful if you don't want to allow login from the provider, but want to integrate with a provider","description_kind":"plain","optional":true},"org_domain":{"type":"string","description_kind":"plain","optional":true},"org_redirect_mode_email_matches":{"type":"bool","description_kind":"plain","optional":true},"organization_id":{"type":"string","description":"ID of organization with which this identity is linked.","description_kind":"plain","optional":true},"post_broker_login_flow_alias":{"type":"string","description":"Alias of authentication flow, which is triggered after each login with this identity provider. Useful if you want additional verification of each user authenticated with this identity provider (for example OTP). Leave this empty if you don't want any additional authenticators to be triggered after login with this identity provider. Also note, that authenticator implementations must assume that user is already set in ClientSession as identity provider already set it.","description_kind":"plain","optional":true},"provider_id":{"type":"string","description":"provider id, is always facebook, unless you have a extended custom implementation","description_kind":"plain","optional":true},"realm":{"type":"string","description":"Realm Name","description_kind":"plain","required":true},"store_token":{"type":"bool","description":"Enable/disable if tokens must be stored after authenticating users.","description_kind":"plain","optional":true},"sync_mode":{"type":"string","description":"Sync Mode","description_kind":"plain","optional":true},"trust_email":{"type":"bool","description":"If enabled then email provided by this provider is not verified even if verification is enabled for the realm.","description_kind":"plain","optional":true}},"description_kind":"plain"}},"keycloak_oidc_github_identity_provider":{"version":0,"block":{"attributes":{"add_read_token_role_on_create":{"type":"bool","description":"Enable/disable if new users can read any stored tokens. This assigns the broker.read-token role.","description_kind":"plain","optional":true},"alias":{"type":"string","description":"The alias uniquely identifies an identity provider and it is also used to build the redirect uri. In case of github this is computed and always github","description_kind":"plain","optional":true,"computed":true},"api_url":{"type":"string","description":"API URL for the GitHub instance, defaults to https://api.github.com","description_kind":"plain","optional":true},"authenticate_by_default":{"type":"bool","description":"Enable/disable authenticate users by default.","description_kind":"plain","optional":true},"base_url":{"type":"string","description":"Base URL for the GitHub instance, defaults to https://github.com","description_kind":"plain","optional":true},"client_id":{"type":"string","description":"Client ID.","description_kind":"plain","required":true},"client_secret":{"type":"string","description":"Client Secret.","description_kind":"plain","required":true,"sensitive":true},"default_scopes":{"type":"string","description":"The scopes to be sent when asking for authorization. See the documentation for possible values, separator and default value'. Default to 'user:email'","description_kind":"plain","optional":true},"display_name":{"type":"string","description":"The human-friendly name of the identity provider, used in the log in form.","description_kind":"plain","optional":true,"computed":true},"enabled":{"type":"bool","description":"Enable/disable this identity provider.","description_kind":"plain","optional":true},"extra_config":{"type":["map","string"],"description_kind":"plain","optional":true},"first_broker_login_flow_alias":{"type":"string","description":"Alias of authentication flow, which is triggered after first login with this identity provider. Term 'First Login' means that there is not yet existing Keycloak account linked with the authenticated identity provider account.","description_kind":"plain","optional":true},"github_json_format":{"type":"bool","description":"Whether GitHub API shoulds accept JSON explicitly during token authentication requests, defaults to false","description_kind":"plain","optional":true},"gui_order":{"type":"string","description":"GUI Order","description_kind":"plain","optional":true},"hide_on_login_page":{"type":"bool","description":"Hide On Login Page.","description_kind":"plain","optional":true},"id":{"type":"string","description_kind":"plain","optional":true,"computed":true},"internal_id":{"type":"string","description":"Internal Identity Provider Id","description_kind":"plain","computed":true},"link_only":{"type":"bool","description":"If true, users cannot log in through this provider.  They can only link to this provider.  This is useful if you don't want to allow login from the provider, but want to integrate with a provider","description_kind":"plain","optional":true},"org_domain":{"type":"string","description_kind":"plain","optional":true},"org_redirect_mode_email_matches":{"type":"bool","description_kind":"plain","optional":true},"organization_id":{"type":"string","description":"ID of organization with which this identity is linked.","description_kind":"plain","optional":true},"post_broker_login_flow_alias":{"type":"string","description":"Alias of authentication flow, which is triggered after each login with this identity provider. Useful if you want additional verification of each user authenticated with this identity provider (for example OTP). Leave this empty if you don't want any additional authenticators to be triggered after login with this identity provider. Also note, that authenticator implementations must assume that user is already set in ClientSession as identity provider already set it.","description_kind":"plain","optional":true},"provider_id":{"type":"string","description":"provider id, is always github, unless you have a extended custom implementation","description_kind":"plain","optional":true},"realm":{"type":"string","description":"Realm Name","description_kind":"plain","required":true},"store_token":{"type":"bool","description":"Enable/disable if tokens must be stored after authenticating users.","description_kind":"plain","optional":true},"sync_mode":{"type":"string","description":"Sync Mode","description_kind":"plain","optional":true},"trust_email":{"type":"bool","description":"If enabled then email provided by this provider is not verified even if verification is enabled for the realm.","description_kind":"plain","optional":true}},"description_kind":"plain"}},"keycloak_oidc_google_identity_provider":{"version":0,"block":{"attributes":{"accepts_prompt_none_forward_from_client":{"type":"bool","description":"This is just used together with Identity Provider Authenticator or when kc_idp_hint points to this identity provider. In case that client sends a request with prompt=none and user is not yet authenticated, the error will not be directly returned to client, but the request with prompt=none will be forwarded to this identity provider.","description_kind":"plain","optional":true},"add_read_token_role_on_create":{"type":"bool","description":"Enable/disable if new users can read any stored tokens. This assigns the broker.read-token role.","description_kind":"plain","optional":true},"alias":{"type":"string","description":"The alias uniquely identifies an identity provider and it is also used to build the redirect uri. In case of google this is computed and always google","description_kind":"plain","optional":true,"computed":true},"authenticate_by_default":{"type":"bool","description":"Enable/disable authenticate users by default.","description_kind":"plain","optional":true},"client_id":{"type":"string","description":"Client ID.","description_kind":"plain","required":true},"client_secret":{"type":"string","description":"Client Secret.","description_kind":"plain","required":true,"sensitive":true},"default_scopes":{"type":"string","description":"The scopes to be sent when asking for authorization. See the documentation for possible values, separator and default value'. Default: 'openid profile email'","description_kind":"plain","optional":true},"disable_user_info":{"type":"bool","description":"Disable usage of User Info service to obtain additional user information?  Default is to use this OIDC service.","description_kind":"plain","optional":true},"display_name":{"type":"string","description":"The human-friendly name of the identity provider, used in the log in form.","description_kind":"plain","optional":true,"computed":true},"enabled":{"type":"bool","description":"Enable/disable this identity provider.","description_kind":"plain","optional":true},"extra_config":{"type":["map","string"],"description_kind":"plain","optional":true},"first_broker_login_flow_alias":{"type":"string","description":"Alias of authentication flow, which is triggered after first login with this identity provider. Term 'First Login' means that there is not yet existing Keycloak account linked with the authenticated identity provider account.","description_kind":"plain","optional":true},"gui_order":{"type":"string","description":"GUI Order","description_kind":"plain","optional":true},"hide_on_login_page":{"type":"bool","description":"Hide On Login Page.","description_kind":"plain","optional":true},"hosted_domain":{"type":"string","description":"Set 'hd' query parameter when logging in with Google. Google will list accounts only for this domain. Keycloak validates that the returned identity token has a claim for this domain. When '*' is entered, any hosted account can be used.","description_kind":"plain","optional":true},"id":{"type":"string","description_kind":"plain","optional":true,"computed":true},"internal_id":{"type":"string","description":"Internal Identity Provider Id","description_kind":"plain","computed":true},"link_only":{"type":"bool","description":"If true, users cannot log in through this provider.  They can only link to this provider.  This is useful if you don't want to allow login from the provider, but want to integrate with a provider","description_kind":"plain","optional":true},"login_hint":{"type":"string","description":"Pass login_hint to identity provider. Set to \"true\" to forward the login_hint client note (the underlying loginHint config attribute is a boolean string).","description_kind":"plain","optional":true},"org_domain":{"type":"string","description_kind":"plain","optional":true},"org_redirect_mode_email_matches":{"type":"bool","description_kind":"plain","optional":true},"organization_id":{"type":"string","description":"ID of organization with which this identity is linked.","description_kind":"plain","optional":true},"post_broker_login_flow_alias":{"type":"string","description":"Alias of authentication flow, which is triggered after each login with this identity provider. Useful if you want additional verification of each user authenticated with this identity provider (for example OTP). Leave this empty if you don't want any additional authenticators to be triggered after login with this identity provider. Also note, that authenticator implementations must assume that user is already set in ClientSession as identity provider already set it.","description_kind":"plain","optional":true},"provider_id":{"type":"string","description":"provider id, is always google, unless you have a extended custom implementation","description_kind":"plain","optional":true},"realm":{"type":"string","description":"Realm Name","description_kind":"plain","required":true},"request_refresh_token":{"type":"bool","description":"Set 'access_type' query parameter to 'offline' when redirecting to google authorization endpoint, to get a refresh token back. Useful if planning to use Token Exchange to retrieve Google token to access Google APIs when the user is not at the browser.","description_kind":"plain","optional":true},"store_token":{"type":"bool","description":"Enable/disable if tokens must be stored after authenticating users.","description_kind":"plain","optional":true},"sync_mode":{"type":"string","description":"Sync Mode","description_kind":"plain","optional":true},"trust_email":{"type":"bool","description":"If enabled then email provided by this provider is not verified even if verification is enabled for the realm.","description_kind":"plain","optional":true},"use_user_ip_param":{"type":"bool","description":"Set 'userIp' query parameter when invoking on Google's User Info service.  This will use the user's ip address.  Useful if Google is throttling access to the User Info service.","description_kind":"plain","optional":true}},"description_kind":"plain"}},"keycloak_oidc_identity_provider":{"version":1,"block":{"attributes":{"accepts_prompt_none_forward_from_client":{"type":"bool","description":"This is just used together with Identity Provider Authenticator or when kc_idp_hint points to this identity provider. In case that client sends a request with prompt=none and user is not yet authenticated, the error will not be directly returned to client, but the request with prompt=none will be forwarded to this identity provider.","description_kind":"plain","optional":true},"add_read_token_role_on_create":{"type":"bool","description":"Enable/disable if new users can read any stored tokens. This assigns the broker.read-token role.","description_kind":"plain","optional":true},"alias":{"type":"string","description":"The alias uniquely identifies an identity provider and it is also used to build the redirect uri.","description_kind":"plain","required":true},"authenticate_by_default":{"type":"bool","description":"Enable/disable authenticate users by default.","description_kind":"plain","optional":true},"authorization_url":{"type":"string","description":"OIDC authorization URL.","description_kind":"plain","required":true},"backchannel_supported":{"type":"bool","description":"Does the external IDP support backchannel logout?","description_kind":"plain","optional":true},"client_id":{"type":"string","description":"Client ID.","description_kind":"plain","required":true},"client_secret":{"type":"string","description":"Client Secret.","description_kind":"plain","optional":true,"sensitive":true},"client_secret_wo":{"type":"string","description":"Client Secret as write-only argument","description_kind":"plain","optional":true,"sensitive":true},"client_secret_wo_version":{"type":"string","description":"Version of the Client secret write-only argument","description_kind":"plain","optional":true},"default_scopes":{"type":"string","description":"The scopes to be sent when asking for authorization. It can be a space-separated list of scopes. Defaults to 'openid'.","description_kind":"plain","optional":true},"disable_type_claim_check":{"type":"bool","description":"Disables the validation of the `typ` claim of tokens received from the Identity Provider. If this is `off` the type claim is validated (default).","description_kind":"plain","optional":true},"disable_user_info":{"type":"bool","description":"Disable usage of User Info service to obtain additional user information?  Default is to use this OIDC service.","description_kind":"plain","optional":true},"display_name":{"type":"string","description":"The human-friendly name of the identity provider, used in the log in form.","description_kind":"plain","optional":true,"computed":true},"enabled":{"type":"bool","description":"Enable/disable this identity provider.","description_kind":"plain","optional":true},"extra_config":{"type":["map","string"],"description_kind":"plain","optional":true},"first_broker_login_flow_alias":{"type":"string","description":"Alias of authentication flow, which is triggered after first login with this identity provider. Term 'First Login' means that there is not yet existing Keycloak account linked with the authenticated identity provider account.","description_kind":"plain","optional":true},"gui_order":{"type":"string","description":"GUI Order","description_kind":"plain","optional":true},"hide_on_login_page":{"type":"bool","description":"Hide On Login Page.","description_kind":"plain","optional":true},"id":{"type":"string","description_kind":"plain","optional":true,"computed":true},"internal_id":{"type":"string","description":"Internal Identity Provider Id","description_kind":"plain","computed":true},"issuer":{"type":"string","description":"The issuer identifier for the issuer of the response. If not provided, no validation will be performed.","description_kind":"plain","optional":true},"jwks_url":{"type":"string","description":"JSON Web Key Set URL","description_kind":"plain","optional":true},"link_only":{"type":"bool","description":"If true, users cannot log in through this provider.  They can only link to this provider.  This is useful if you don't want to allow login from the provider, but want to integrate with a provider","description_kind":"plain","optional":true},"login_hint":{"type":"string","description":"Login Hint.","description_kind":"plain","optional":true},"logout_url":{"type":"string","description":"Logout URL","description_kind":"plain","optional":true},"org_domain":{"type":"string","description_kind":"plain","optional":true},"org_redirect_mode_email_matches":{"type":"bool","description_kind":"plain","optional":true},"organization_id":{"type":"string","description":"ID of organization with which this identity is linked.","description_kind":"plain","optional":true},"post_broker_login_flow_alias":{"type":"string","description":"Alias of authentication flow, which is triggered after each login with this identity provider. Useful if you want additional verification of each user authenticated with this identity provider (for example OTP). Leave this empty if you don't want any additional authenticators to be triggered after login with this identity provider. Also note, that authenticator implementations must assume that user is already set in ClientSession as identity provider already set it.","description_kind":"plain","optional":true},"provider_id":{"type":"string","description":"provider id, is always oidc, unless you have a custom implementation","description_kind":"plain","optional":true},"realm":{"type":"string","description":"Realm Name","description_kind":"plain","required":true},"store_token":{"type":"bool","description":"Enable/disable if tokens must be stored after authenticating users.","description_kind":"plain","optional":true},"sync_mode":{"type":"string","description":"Sync Mode","description_kind":"plain","optional":true},"token_url":{"type":"string","description":"Token URL.","description_kind":"plain","required":true},"trust_email":{"type":"bool","description":"If enabled then email provided by this provider is not verified even if verification is enabled for the realm.","description_kind":"plain","optional":true},"ui_locales":{"type":"bool","description":"Pass current locale to identity provider","description_kind":"plain","optional":true},"user_info_url":{"type":"string","description":"User Info URL","description_kind":"plain","optional":true},"validate_signature":{"type":"bool","description":"Enable/disable signature validation of external IDP signatures.","description_kind":"plain","optional":true}},"description_kind":"plain"}},"keycloak_oidc_microsoft_identity_provider":{"version":0,"block":{"attributes":{"accepts_prompt_none_forward_from_client":{"type":"bool","description":"This is just used together with Identity Provider Authenticator or when kc_idp_hint points to this identity provider. In case that client sends a request with prompt=none and user is not yet authenticated, the error will not be directly returned to client, but the request with prompt=none will be forwarded to this identity provider.","description_kind":"plain","optional":true},"add_read_token_role_on_create":{"type":"bool","description":"Enable/disable if new users can read any stored tokens. This assigns the broker.read-token role.","description_kind":"plain","optional":true},"alias":{"type":"string","description":"The alias uniquely identifies an identity provider and is also used to build the redirect URI. Defaults to microsoft.","description_kind":"plain","optional":true,"computed":true},"authenticate_by_default":{"type":"bool","description":"Enable/disable authenticate users by default.","description_kind":"plain","optional":true},"client_id":{"type":"string","description":"Client ID.","description_kind":"plain","required":true},"client_secret":{"type":"string","description":"Client Secret.","description_kind":"plain","required":true,"sensitive":true},"default_scopes":{"type":"string","description":"The scopes to be sent when asking for authorization. See the documentation for possible values, separator and default value'. Default: 'openid profile email'","description_kind":"plain","optional":true},"disable_user_info":{"type":"bool","description":"Disable usage of User Info service to obtain additional user information?  Default is to use this OIDC service.","description_kind":"plain","optional":true},"display_name":{"type":"string","description":"The human-friendly name of the identity provider, used in the log in form.","description_kind":"plain","optional":true,"computed":true},"enabled":{"type":"bool","description":"Enable/disable this identity provider.","description_kind":"plain","optional":true},"extra_config":{"type":["map","string"],"description_kind":"plain","optional":true},"first_broker_login_flow_alias":{"type":"string","description":"Alias of authentication flow, which is triggered after first login with this identity provider. Term 'First Login' means that there is not yet existing Keycloak account linked with the authenticated identity provider account.","description_kind":"plain","optional":true},"gui_order":{"type":"string","description":"GUI Order","description_kind":"plain","optional":true},"hide_on_login_page":{"type":"bool","description":"Hide On Login Page.","description_kind":"plain","optional":true},"id":{"type":"string","description_kind":"plain","optional":true,"computed":true},"internal_id":{"type":"string","description":"Internal Identity Provider Id","description_kind":"plain","computed":true},"link_only":{"type":"bool","description":"If true, users cannot log in through this provider.  They can only link to this provider.  This is useful if you don't want to allow login from the provider, but want to integrate with a provider","description_kind":"plain","optional":true},"org_domain":{"type":"string","description_kind":"plain","optional":true},"org_redirect_mode_email_matches":{"type":"bool","description_kind":"plain","optional":true},"organization_id":{"type":"string","description":"ID of organization with which this identity is linked.","description_kind":"plain","optional":true},"post_broker_login_flow_alias":{"type":"string","description":"Alias of authentication flow, which is triggered after each login with this identity provider. Useful if you want additional verification of each user authenticated with this identity provider (for example OTP). Leave this empty if you don't want any additional authenticators to be triggered after login with this identity provider. Also note, that authenticator implementations must assume that user is already set in ClientSession as identity provider already set it.","description_kind":"plain","optional":true},"prompt":{"type":"string","description":"Prompt parameter for Microsoft identity provider. Available options are 'login', 'none', 'consent' and 'select_account'.","description_kind":"plain","optional":true},"provider_id":{"type":"string","description":"Provider ID, is always microsoft.","description_kind":"plain","optional":true},"realm":{"type":"string","description":"Realm Name","description_kind":"plain","required":true},"store_token":{"type":"bool","description":"Enable/disable if tokens must be stored after authenticating users.","description_kind":"plain","optional":true},"sync_mode":{"type":"string","description":"Sync Mode","description_kind":"plain","optional":true},"tenant_id":{"type":"string","description":"Tenant ID.","description_kind":"plain","optional":true},"trust_email":{"type":"bool","description":"If enabled then email provided by this provider is not verified even if verification is enabled for the realm.","description_kind":"plain","optional":true}},"description_kind":"plain"}},"keycloak_oidc_openshift_v4_identity_provider":{"version":0,"block":{"attributes":{"add_read_token_role_on_create":{"type":"bool","description":"Enable/disable if new users can read any stored tokens. This assigns the broker.read-token role.","description_kind":"plain","optional":true},"alias":{"type":"string","description":"The alias uniquely identifies an identity provider and it is also used to build the redirect uri. Defaults to openshift-v4 if not set.","description_kind":"plain","optional":true,"computed":true},"authenticate_by_default":{"type":"bool","description":"Enable/disable authenticate users by default.","description_kind":"plain","optional":true},"base_url":{"type":"string","description":"Base URL of the OpenShift 4 cluster, e.g. https://openshift.example.com:8443.","description_kind":"plain","required":true},"client_id":{"type":"string","description":"Client ID.","description_kind":"plain","required":true},"client_secret":{"type":"string","description":"Client Secret.","description_kind":"plain","required":true,"sensitive":true},"default_scopes":{"type":"string","description":"The scopes to be sent when asking for authorization. Defaults to 'user:full'.","description_kind":"plain","optional":true},"display_name":{"type":"string","description":"The human-friendly name of the identity provider, used in the log in form.","description_kind":"plain","optional":true,"computed":true},"enabled":{"type":"bool","description":"Enable/disable this identity provider.","description_kind":"plain","optional":true},"extra_config":{"type":["map","string"],"description_kind":"plain","optional":true},"first_broker_login_flow_alias":{"type":"string","description":"Alias of authentication flow, which is triggered after first login with this identity provider. Term 'First Login' means that there is not yet existing Keycloak account linked with the authenticated identity provider account.","description_kind":"plain","optional":true},"gui_order":{"type":"string","description":"GUI Order","description_kind":"plain","optional":true},"hide_on_login_page":{"type":"bool","description":"Hide On Login Page.","description_kind":"plain","optional":true},"id":{"type":"string","description_kind":"plain","optional":true,"computed":true},"internal_id":{"type":"string","description":"Internal Identity Provider Id","description_kind":"plain","computed":true},"link_only":{"type":"bool","description":"If true, users cannot log in through this provider.  They can only link to this provider.  This is useful if you don't want to allow login from the provider, but want to integrate with a provider","description_kind":"plain","optional":true},"org_domain":{"type":"string","description_kind":"plain","optional":true},"org_redirect_mode_email_matches":{"type":"bool","description_kind":"plain","optional":true},"organization_id":{"type":"string","description":"ID of organization with which this identity is linked.","description_kind":"plain","optional":true},"post_broker_login_flow_alias":{"type":"string","description":"Alias of authentication flow, which is triggered after each login with this identity provider. Useful if you want additional verification of each user authenticated with this identity provider (for example OTP). Leave this empty if you don't want any additional authenticators to be triggered after login with this identity provider. Also note, that authenticator implementations must assume that user is already set in ClientSession as identity provider already set it.","description_kind":"plain","optional":true},"provider_id":{"type":"string","description":"Provider ID; always openshift-v4 unless you have an extended custom implementation.","description_kind":"plain","optional":true},"realm":{"type":"string","description":"Realm Name","description_kind":"plain","required":true},"store_token":{"type":"bool","description":"Enable/disable if tokens must be stored after authenticating users.","description_kind":"plain","optional":true},"sync_mode":{"type":"string","description":"Sync Mode","description_kind":"plain","optional":true},"trust_email":{"type":"bool","description":"If enabled then email provided by this provider is not verified even if verification is enabled for the realm.","description_kind":"plain","optional":true}},"description_kind":"plain"}},"keycloak_openid_audience_protocol_mapper":{"version":0,"block":{"attributes":{"add_to_access_token":{"type":"bool","description":"Indicates if this claim should be added to the access token.","description_kind":"plain","optional":true},"add_to_id_token":{"type":"bool","description":"Indicates if this claim should be added to the id token.","description_kind":"plain","optional":true},"add_to_token_introspection":{"type":"bool","description":"Indicates if the attribute should be a claim in the token introspection response.","description_kind":"plain","optional":true},"client_id":{"type":"string","description":"The mapper's associated client. Cannot be used at the same time as client_scope_id.","description_kind":"plain","optional":true},"client_scope_id":{"type":"string","description":"The mapper's associated client scope. Cannot be used at the same time as client_id.","description_kind":"plain","optional":true},"id":{"type":"string","description_kind":"plain","optional":true,"computed":true},"included_client_audience":{"type":"string","description":"A client ID to include within the token's `aud` claim. Cannot be used with included_custom_audience","description_kind":"plain","optional":true},"included_custom_audience":{"type":"string","description":"A custom audience to include within the token's `aud` claim.  Cannot be used with included_custom_audience","description_kind":"plain","optional":true},"name":{"type":"string","description":"A human-friendly name that will appear in the Keycloak console.","description_kind":"plain","required":true},"realm_id":{"type":"string","description":"The realm id where the associated client or client scope exists.","description_kind":"plain","required":true}},"description_kind":"plain"}},"keycloak_openid_audience_resolve_protocol_mapper":{"version":0,"block":{"attributes":{"client_id":{"type":"string","description":"The mapper's associated client. Cannot be used at the same time as client_scope_id.","description_kind":"plain","optional":true},"client_scope_id":{"type":"string","description":"The mapper's associated client scope. Cannot be used at the same time as client_id.","description_kind":"plain","optional":true},"id":{"type":"string","description_kind":"plain","optional":true,"computed":true},"name":{"type":"string","description":"A human-friendly name that will appear in the Keycloak console.","description_kind":"plain","optional":true},"realm_id":{"type":"string","description":"The realm id where the associated client or client scope exists.","description_kind":"plain","required":true}},"description_kind":"plain"}},"keycloak_openid_client":{"version":1,"block":{"attributes":{"access_token_lifespan":{"type":"string","description_kind":"plain","optional":true,"computed":true},"access_type":{"type":"string","description_kind":"plain","required":true},"admin_url":{"type":"string","description_kind":"plain","optional":true},"allow_refresh_token_in_standard_token_exchange":{"type":"string","description_kind":"plain","optional":true},"always_display_in_console":{"type":"bool","description_kind":"plain","optional":true},"backchannel_logout_revoke_offline_sessions":{"type":"bool","description_kind":"plain","optional":true},"backchannel_logout_session_required":{"type":"bool","description_kind":"plain","optional":true},"backchannel_logout_url":{"type":"string","description_kind":"plain","optional":true},"base_url":{"type":"string","description_kind":"plain","optional":true},"client_authenticator_type":{"type":"string","description_kind":"plain","optional":true},"client_id":{"type":"string","description_kind":"plain","required":true},"client_offline_session_idle_timeout":{"type":"string","description_kind":"plain","optional":true,"computed":true},"client_offline_session_max_lifespan":{"type":"string","description_kind":"plain","optional":true,"computed":true},"client_secret":{"type":"string","description_kind":"plain","optional":true,"computed":true,"sensitive":true},"client_secret_regenerate_when_changed":{"type":["map","string"],"description":"Arbitrary map of values that, when changed, will trigger rotation of the secret","description_kind":"plain","optional":true},"client_secret_wo":{"type":"string","description":"Client Secret as write-only argument","description_kind":"plain","optional":true,"sensitive":true},"client_secret_wo_version":{"type":"string","description":"Version of the Client secret write-only argument","description_kind":"plain","optional":true},"client_session_idle_timeout":{"type":"string","description_kind":"plain","optional":true,"computed":true},"client_session_max_lifespan":{"type":"string","description_kind":"plain","optional":true,"computed":true},"consent_required":{"type":"bool","description_kind":"plain","optional":true,"computed":true},"consent_screen_text":{"type":"string","description_kind":"plain","optional":true},"description":{"type":"string","description_kind":"plain","optional":true},"direct_access_grants_enabled":{"type":"bool","description_kind":"plain","optional":true,"computed":true},"display_on_consent_screen":{"type":"bool","description_kind":"plain","optional":true,"computed":true},"enabled":{"type":"bool","description_kind":"plain","optional":true},"exclude_issuer_from_auth_response":{"type":"bool","description_kind":"plain","optional":true,"computed":true},"exclude_session_state_from_auth_response":{"type":"bool","description_kind":"plain","optional":true,"computed":true},"extra_config":{"type":["map","string"],"description_kind":"plain","optional":true},"frontchannel_logout_enabled":{"type":"bool","description_kind":"plain","optional":true,"computed":true},"frontchannel_logout_url":{"type":"string","description_kind":"plain","optional":true},"full_scope_allowed":{"type":"bool","description_kind":"plain","optional":true},"id":{"type":"string","description_kind":"plain","optional":true,"computed":true},"implicit_flow_enabled":{"type":"bool","description_kind":"plain","optional":true,"computed":true},"import":{"type":"bool","description_kind":"plain","optional":true},"login_theme":{"type":"string","description_kind":"plain","optional":true},"name":{"type":"string","description_kind":"plain","optional":true},"oauth2_device_authorization_grant_enabled":{"type":"bool","description_kind":"plain","optional":true},"oauth2_device_code_lifespan":{"type":"string","description_kind":"plain","optional":true},"oauth2_device_polling_interval":{"type":"string","description_kind":"plain","optional":true},"oauth2_jwt_authorization_grant_enabled":{"type":"bool","description_kind":"plain","optional":true},"oauth2_jwt_authorization_grant_idp":{"type":"string","description_kind":"plain","optional":true},"pkce_code_challenge_method":{"type":"string","description_kind":"plain","optional":true},"realm_id":{"type":"string","description_kind":"plain","required":true},"require_dpop_bound_tokens":{"type":"bool","description_kind":"plain","optional":true,"computed":true},"resource_server_id":{"type":"string","description_kind":"plain","computed":true},"root_url":{"type":"string","description_kind":"plain","optional":true},"service_account_user_id":{"type":"string","description_kind":"plain","computed":true},"service_accounts_enabled":{"type":"bool","description_kind":"plain","optional":true,"computed":true},"standard_flow_enabled":{"type":"bool","description_kind":"plain","optional":true,"computed":true},"standard_token_exchange_enabled":{"type":"bool","description_kind":"plain","optional":true},"use_refresh_tokens":{"type":"bool","description_kind":"plain","optional":true},"use_refresh_tokens_client_credentials":{"type":"bool","description_kind":"plain","optional":true},"valid_post_logout_redirect_uris":{"type":["set","string"],"description_kind":"plain","optional":true,"computed":true},"valid_redirect_uris":{"type":["set","string"],"description_kind":"plain","optional":true,"computed":true},"web_origins":{"type":["set","string"],"description_kind":"plain","optional":true,"computed":true}},"block_types":{"authentication_flow_binding_overrides":{"nesting_mode":"set","block":{"attributes":{"browser_id":{"type":"string","description_kind":"plain","optional":true},"direct_grant_id":{"type":"string","description_kind":"plain","optional":true}},"description_kind":"plain"},"max_items":1},"authorization":{"nesting_mode":"set","block":{"attributes":{"allow_remote_resource_management":{"type":"bool","description_kind":"plain","optional":true},"decision_strategy":{"type":"string","description_kind":"plain","optional":true},"keep_defaults":{"type":"bool","description_kind":"plain","optional":true},"policy_enforcement_mode":{"type":"string","description_kind":"plain","required":true}},"description_kind":"plain"},"max_items":1}},"description_kind":"plain"}},"keycloak_openid_client_admin_permissions":{"version":0,"block":{"attributes":{"authorization_resource_server_id":{"type":"string","description":"Resource server id of the admin-permissions client on which this permission is managed","description_kind":"plain","computed":true},"client_ids":{"type":["set","string"],"description":"Client UUIDs (keycloak_openid_client.xxx.id) this permission applies to. Leave empty to target all clients in the realm.","description_kind":"plain","optional":true},"decision_strategy":{"type":"string","description_kind":"plain","optional":true},"description":{"type":"string","description_kind":"plain","optional":true},"enabled":{"type":"bool","description_kind":"plain","computed":true},"id":{"type":"string","description_kind":"plain","optional":true,"computed":true},"name":{"type":"string","description_kind":"plain","required":true},"permission_id":{"type":"string","description_kind":"plain","computed":true},"policies":{"type":["set","string"],"description_kind":"plain","optional":true},"realm_id":{"type":"string","description_kind":"plain","required":true},"scopes":{"type":["set","string"],"description_kind":"plain","required":true}},"description_kind":"plain"}},"keycloak_openid_client_aggregate_policy":{"version":0,"block":{"attributes":{"decision_strategy":{"type":"string","description_kind":"plain","required":true},"description":{"type":"string","description_kind":"plain","optional":true},"id":{"type":"string","description_kind":"plain","optional":true,"computed":true},"logic":{"type":"string","description_kind":"plain","optional":true},"name":{"type":"string","description_kind":"plain","required":true},"policies":{"type":["set","string"],"description_kind":"plain","required":true},"realm_id":{"type":"string","description_kind":"plain","required":true},"resource_server_id":{"type":"string","description_kind":"plain","required":true}},"description_kind":"plain"}},"keycloak_openid_client_authorization_client_scope_policy":{"version":0,"block":{"attributes":{"decision_strategy":{"type":"string","description_kind":"plain","optional":true},"description":{"type":"string","description_kind":"plain","optional":true},"id":{"type":"string","description_kind":"plain","optional":true,"computed":true},"logic":{"type":"string","description_kind":"plain","optional":true},"name":{"type":"string","description_kind":"plain","required":true},"realm_id":{"type":"string","description_kind":"plain","required":true},"resource_server_id":{"type":"string","description_kind":"plain","required":true}},"block_types":{"scope":{"nesting_mode":"set","block":{"attributes":{"id":{"type":"string","description_kind":"plain","required":true},"required":{"type":"bool","description_kind":"plain","optional":true}},"description_kind":"plain"},"min_items":1}},"description_kind":"plain"}},"keycloak_openid_client_authorization_permission":{"version":0,"block":{"attributes":{"decision_strategy":{"type":"string","description_kind":"plain","optional":true},"description":{"type":"string","description_kind":"plain","optional":true},"id":{"type":"string","description_kind":"plain","optional":true,"computed":true},"name":{"type":"string","description_kind":"plain","required":true},"policies":{"type":["set","string"],"description_kind":"plain","optional":true},"realm_id":{"type":"string","description_kind":"plain","required":true},"resource_server_id":{"type":"string","description_kind":"plain","required":true},"resource_type":{"type":"string","description_kind":"plain","optional":true},"resources":{"type":["set","string"],"description_kind":"plain","optional":true},"scopes":{"type":["set","string"],"description_kind":"plain","optional":true},"type":{"type":"string","description_kind":"plain","optional":true}},"description_kind":"plain"}},"keycloak_openid_client_authorization_resource":{"version":0,"block":{"attributes":{"attributes":{"type":["map","string"],"description_kind":"plain","optional":true},"display_name":{"type":"string","description_kind":"plain","optional":true},"icon_uri":{"type":"string","description_kind":"plain","optional":true},"id":{"type":"string","description_kind":"plain","optional":true,"computed":true},"name":{"type":"string","description_kind":"plain","required":true},"owner_managed_access":{"type":"bool","description_kind":"plain","optional":true},"realm_id":{"type":"string","description_kind":"plain","required":true},"resource_server_id":{"type":"string","description_kind":"plain","required":true},"scopes":{"type":["set","string"],"description_kind":"plain","optional":true},"type":{"type":"string","description_kind":"plain","optional":true},"uris":{"type":["set","string"],"description_kind":"plain","optional":true}},"description_kind":"plain"}},"keycloak_openid_client_authorization_scope":{"version":0,"block":{"attributes":{"display_name":{"type":"string","description_kind":"plain","optional":true},"icon_uri":{"type":"string","description_kind":"plain","optional":true},"id":{"type":"string","description_kind":"plain","optional":true,"computed":true},"name":{"type":"string","description_kind":"plain","required":true},"realm_id":{"type":"string","description_kind":"plain","required":true},"resource_server_id":{"type":"string","description_kind":"plain","required":true}},"description_kind":"plain"}},"keycloak_openid_client_client_policy":{"version":0,"block":{"attributes":{"clients":{"type":["set","string"],"description_kind":"plain","required":true},"decision_strategy":{"type":"string","description_kind":"plain","optional":true},"description":{"type":"string","description_kind":"plain","optional":true},"id":{"type":"string","description_kind":"plain","optional":true,"computed":true},"logic":{"type":"string","description_kind":"plain","optional":true},"name":{"type":"string","description_kind":"plain","required":true},"realm_id":{"type":"string","description_kind":"plain","required":true},"resource_server_id":{"type":"string","description_kind":"plain","required":true}},"description_kind":"plain"}},"keycloak_openid_client_default_scopes":{"version":0,"block":{"attributes":{"client_id":{"type":"string","description_kind":"plain","required":true},"default_scopes":{"type":["set","string"],"description_kind":"plain","required":true},"id":{"type":"string","description_kind":"plain","optional":true,"computed":true},"realm_id":{"type":"string","description_kind":"plain","required":true}},"description_kind":"plain"}},"keycloak_openid_client_group_policy":{"version":0,"block":{"attributes":{"decision_strategy":{"type":"string","description_kind":"plain","required":true},"description":{"type":"string","description_kind":"plain","optional":true},"groups_claim":{"type":"string","description_kind":"plain","optional":true},"id":{"type":"string","description_kind":"plain","optional":true,"computed":true},"logic":{"type":"string","description_kind":"plain","optional":true},"name":{"type":"string","description_kind":"plain","required":true},"realm_id":{"type":"string","description_kind":"plain","required":true},"resource_server_id":{"type":"string","description_kind":"plain","required":true}},"block_types":{"groups":{"nesting_mode":"list","block":{"attributes":{"extend_children":{"type":"bool","description_kind":"plain","required":true},"id":{"type":"string","description_kind":"plain","required":true},"path":{"type":"string","description_kind":"plain","required":true}},"description_kind":"plain"},"min_items":1}},"description_kind":"plain"}},"keycloak_openid_client_js_policy":{"version":0,"block":{"attributes":{"code":{"type":"string","description_kind":"plain","required":true},"decision_strategy":{"type":"string","description_kind":"plain","required":true},"description":{"type":"string","description_kind":"plain","optional":true},"id":{"type":"string","description_kind":"plain","optional":true,"computed":true},"logic":{"type":"string","description_kind":"plain","optional":true},"name":{"type":"string","description_kind":"plain","required":true},"realm_id":{"type":"string","description_kind":"plain","required":true},"resource_server_id":{"type":"string","description_kind":"plain","required":true},"type":{"type":"string","description_kind":"plain","optional":true}},"description_kind":"plain"}},"keycloak_openid_client_optional_scopes":{"version":0,"block":{"attributes":{"client_id":{"type":"string","description_kind":"plain","required":true},"id":{"type":"string","description_kind":"plain","optional":true,"computed":true},"optional_scopes":{"type":["set","string"],"description_kind":"plain","required":true},"realm_id":{"type":"string","description_kind":"plain","required":true}},"description_kind":"plain"}},"keycloak_openid_client_permissions":{"version":0,"block":{"attributes":{"authorization_resource_server_id":{"type":"string","description":"Resource server id representing the realm management client on which this permission is managed","description_kind":"plain","computed":true},"client_id":{"type":"string","description_kind":"plain","required":true},"enabled":{"type":"bool","description_kind":"plain","computed":true},"id":{"type":"string","description_kind":"plain","optional":true,"computed":true},"realm_id":{"type":"string","description_kind":"plain","required":true}},"block_types":{"configure_scope":{"nesting_mode":"set","block":{"attributes":{"decision_strategy":{"type":"string","description_kind":"plain","optional":true},"description":{"type":"string","description_kind":"plain","optional":true},"policies":{"type":["set","string"],"description_kind":"plain","optional":true}},"description_kind":"plain"},"max_items":1},"manage_scope":{"nesting_mode":"set","block":{"attributes":{"decision_strategy":{"type":"string","description_kind":"plain","optional":true},"description":{"type":"string","description_kind":"plain","optional":true},"policies":{"type":["set","string"],"description_kind":"plain","optional":true}},"description_kind":"plain"},"max_items":1},"map_roles_client_scope_scope":{"nesting_mode":"set","block":{"attributes":{"decision_strategy":{"type":"string","description_kind":"plain","optional":true},"description":{"type":"string","description_kind":"plain","optional":true},"policies":{"type":["set","string"],"description_kind":"plain","optional":true}},"description_kind":"plain"},"max_items":1},"map_roles_composite_scope":{"nesting_mode":"set","block":{"attributes":{"decision_strategy":{"type":"string","description_kind":"plain","optional":true},"description":{"type":"string","description_kind":"plain","optional":true},"policies":{"type":["set","string"],"description_kind":"plain","optional":true}},"description_kind":"plain"},"max_items":1},"map_roles_scope":{"nesting_mode":"set","block":{"attributes":{"decision_strategy":{"type":"string","description_kind":"plain","optional":true},"description":{"type":"string","description_kind":"plain","optional":true},"policies":{"type":["set","string"],"description_kind":"plain","optional":true}},"description_kind":"plain"},"max_items":1},"token_exchange_scope":{"nesting_mode":"set","block":{"attributes":{"decision_strategy":{"type":"string","description_kind":"plain","optional":true},"description":{"type":"string","description_kind":"plain","optional":true},"policies":{"type":["set","string"],"description_kind":"plain","optional":true}},"description_kind":"plain"},"max_items":1},"view_scope":{"nesting_mode":"set","block":{"attributes":{"decision_strategy":{"type":"string","description_kind":"plain","optional":true},"description":{"type":"string","description_kind":"plain","optional":true},"policies":{"type":["set","string"],"description_kind":"plain","optional":true}},"description_kind":"plain"},"max_items":1}},"description_kind":"plain"}},"keycloak_openid_client_regex_policy":{"version":0,"block":{"attributes":{"decision_strategy":{"type":"string","description_kind":"plain","required":true},"description":{"type":"string","description_kind":"plain","optional":true},"id":{"type":"string","description_kind":"plain","optional":true,"computed":true},"logic":{"type":"string","description_kind":"plain","optional":true},"name":{"type":"string","description_kind":"plain","required":true},"pattern":{"type":"string","description_kind":"plain","required":true},"realm_id":{"type":"string","description_kind":"plain","required":true},"resource_server_id":{"type":"string","description_kind":"plain","required":true},"target_claim":{"type":"string","description_kind":"plain","required":true},"target_context_attributes":{"type":"bool","description_kind":"plain","optional":true}},"description_kind":"plain"}},"keycloak_openid_client_role_policy":{"version":0,"block":{"attributes":{"decision_strategy":{"type":"string","description_kind":"plain","optional":true},"description":{"type":"string","description_kind":"plain","optional":true},"fetch_roles":{"type":"bool","description_kind":"plain","optional":true},"id":{"type":"string","description_kind":"plain","optional":true,"computed":true},"logic":{"type":"string","description_kind":"plain","optional":true},"name":{"type":"string","description_kind":"plain","required":true},"realm_id":{"type":"string","description_kind":"plain","required":true},"resource_server_id":{"type":"string","description_kind":"plain","required":true},"type":{"type":"string","description_kind":"plain","required":true}},"block_types":{"role":{"nesting_mode":"set","block":{"attributes":{"id":{"type":"string","description_kind":"plain","required":true},"required":{"type":"bool","description_kind":"plain","required":true}},"description_kind":"plain"},"min_items":1}},"description_kind":"plain"}},"keycloak_openid_client_scope":{"version":0,"block":{"attributes":{"consent_screen_text":{"type":"string","description_kind":"plain","optional":true},"description":{"type":"string","description_kind":"plain","optional":true},"extra_config":{"type":["map","string"],"description_kind":"plain","optional":true},"gui_order":{"type":"number","description_kind":"plain","optional":true},"id":{"type":"string","description_kind":"plain","optional":true,"computed":true},"include_in_openid_provider_metadata":{"type":"bool","description_kind":"plain","optional":true},"include_in_token_scope":{"type":"bool","description_kind":"plain","optional":true},"name":{"type":"string","description_kind":"plain","required":true},"realm_id":{"type":"string","description_kind":"plain","required":true}},"description_kind":"plain"}},"keycloak_openid_client_service_account_realm_role":{"version":0,"block":{"attributes":{"id":{"type":"string","description_kind":"plain","optional":true,"computed":true},"realm_id":{"type":"string","description_kind":"plain","required":true},"role":{"type":"string","description_kind":"plain","required":true},"service_account_user_id":{"type":"string","description_kind":"plain","required":true}},"description_kind":"plain"}},"keycloak_openid_client_service_account_role":{"version":0,"block":{"attributes":{"client_id":{"type":"string","description_kind":"plain","required":true},"id":{"type":"string","description_kind":"plain","optional":true,"computed":true},"realm_id":{"type":"string","description_kind":"plain","required":true},"role":{"type":"string","description_kind":"plain","required":true},"service_account_user_id":{"type":"string","description_kind":"plain","required":true}},"description_kind":"plain"}},"keycloak_openid_client_time_policy":{"version":0,"block":{"attributes":{"day_month":{"type":"string","description_kind":"plain","optional":true},"day_month_end":{"type":"string","description_kind":"plain","optional":true},"decision_strategy":{"type":"string","description_kind":"plain","required":true},"description":{"type":"string","description_kind":"plain","optional":true},"hour":{"type":"string","description_kind":"plain","optional":true},"hour_end":{"type":"string","description_kind":"plain","optional":true},"id":{"type":"string","description_kind":"plain","optional":true,"computed":true},"logic":{"type":"string","description_kind":"plain","optional":true},"minute":{"type":"string","description_kind":"plain","optional":true},"minute_end":{"type":"string","description_kind":"plain","optional":true},"month":{"type":"string","description_kind":"plain","optional":true},"month_end":{"type":"string","description_kind":"plain","optional":true},"name":{"type":"string","description_kind":"plain","required":true},"not_before":{"type":"string","description_kind":"plain","optional":true},"not_on_or_after":{"type":"string","description_kind":"plain","optional":true},"realm_id":{"type":"string","description_kind":"plain","required":true},"resource_server_id":{"type":"string","description_kind":"plain","required":true},"year":{"type":"string","description_kind":"plain","optional":true},"year_end":{"type":"string","description_kind":"plain","optional":true}},"description_kind":"plain"}},"keycloak_openid_client_user_policy":{"version":0,"block":{"attributes":{"decision_strategy":{"type":"string","description_kind":"plain","required":true},"description":{"type":"string","description_kind":"plain","optional":true},"id":{"type":"string","description_kind":"plain","optional":true,"computed":true},"logic":{"type":"string","description_kind":"plain","optional":true},"name":{"type":"string","description_kind":"plain","required":true},"realm_id":{"type":"string","description_kind":"plain","required":true},"resource_server_id":{"type":"string","description_kind":"plain","required":true},"users":{"type":["set","string"],"description_kind":"plain","required":true}},"description_kind":"plain"}},"keycloak_openid_full_name_protocol_mapper":{"version":0,"block":{"attributes":{"add_to_access_token":{"type":"bool","description_kind":"plain","optional":true},"add_to_id_token":{"type":"bool","description_kind":"plain","optional":true},"add_to_userinfo":{"type":"bool","description_kind":"plain","optional":true},"client_id":{"type":"string","description":"The mapper's associated client. Cannot be used at the same time as client_scope_id.","description_kind":"plain","optional":true},"client_scope_id":{"type":"string","description":"The mapper's associated client scope. Cannot be used at the same time as client_id.","description_kind":"plain","optional":true},"id":{"type":"string","description_kind":"plain","optional":true,"computed":true},"name":{"type":"string","description":"A human-friendly name that will appear in the Keycloak console.","description_kind":"plain","required":true},"realm_id":{"type":"string","description":"The realm id where the associated client or client scope exists.","description_kind":"plain","required":true}},"description_kind":"plain"}},"keycloak_openid_group_membership_protocol_mapper":{"version":0,"block":{"attributes":{"add_to_access_token":{"type":"bool","description_kind":"plain","optional":true},"add_to_id_token":{"type":"bool","description_kind":"plain","optional":true},"add_to_token_introspection":{"type":"bool","description_kind":"plain","optional":true},"add_to_userinfo":{"type":"bool","description_kind":"plain","optional":true},"claim_name":{"type":"string","description_kind":"plain","required":true},"client_id":{"type":"string","description":"The mapper's associated client. Cannot be used at the same time as client_scope_id.","description_kind":"plain","optional":true},"client_scope_id":{"type":"string","description":"The mapper's associated client scope. Cannot be used at the same time as client_id.","description_kind":"plain","optional":true},"full_path":{"type":"bool","description_kind":"plain","optional":true},"id":{"type":"string","description_kind":"plain","optional":true,"computed":true},"name":{"type":"string","description":"A human-friendly name that will appear in the Keycloak console.","description_kind":"plain","required":true},"realm_id":{"type":"string","description":"The realm id where the associated client or client scope exists.","description_kind":"plain","required":true}},"description_kind":"plain"}},"keycloak_openid_hardcoded_claim_protocol_mapper":{"version":0,"block":{"attributes":{"add_to_access_token":{"type":"bool","description":"Indicates if the attribute should be a claim in the access token.","description_kind":"plain","optional":true},"add_to_id_token":{"type":"bool","description":"Indicates if the attribute should be a claim in the id token.","description_kind":"plain","optional":true},"add_to_userinfo":{"type":"bool","description":"Indicates if the attribute should appear in the userinfo response body.","description_kind":"plain","optional":true},"claim_name":{"type":"string","description_kind":"plain","required":true},"claim_value":{"type":"string","description_kind":"plain","required":true},"claim_value_type":{"type":"string","description":"Claim type used when serializing tokens.","description_kind":"plain","optional":true},"client_id":{"type":"string","description":"The mapper's associated client. Cannot be used at the same time as client_scope_id.","description_kind":"plain","optional":true},"client_scope_id":{"type":"string","description":"The mapper's associated client scope. Cannot be used at the same time as client_id.","description_kind":"plain","optional":true},"id":{"type":"string","description_kind":"plain","optional":true,"computed":true},"name":{"type":"string","description":"A human-friendly name that will appear in the Keycloak console.","description_kind":"plain","required":true},"realm_id":{"type":"string","description":"The realm id where the associated client or client scope exists.","description_kind":"plain","required":true}},"description_kind":"plain"}},"keycloak_openid_hardcoded_role_protocol_mapper":{"version":0,"block":{"attributes":{"client_id":{"type":"string","description":"The mapper's associated client. Cannot be used at the same time as client_scope_id.","description_kind":"plain","optional":true},"client_scope_id":{"type":"string","description":"The mapper's associated client scope. Cannot be used at the same time as client_id.","description_kind":"plain","optional":true},"id":{"type":"string","description_kind":"plain","optional":true,"computed":true},"name":{"type":"string","description":"A human-friendly name that will appear in the Keycloak console.","description_kind":"plain","required":true},"realm_id":{"type":"string","description":"The realm id where the associated client or client scope exists.","description_kind":"plain","required":true},"role_id":{"type":"string","description_kind":"plain","required":true}},"description_kind":"plain"}},"keycloak_openid_sub_protocol_mapper":{"version":0,"block":{"attributes":{"add_to_access_token":{"type":"bool","description":"Indicates if the attribute should be a claim in the access token.","description_kind":"plain","optional":true},"add_to_token_introspection":{"type":"bool","description":"Indicates if the attribute should be a claim in the token introspection response body.","description_kind":"plain","optional":true},"client_id":{"type":"string","description":"The mapper's associated client. Cannot be used at the same time as client_scope_id.","description_kind":"plain","optional":true},"client_scope_id":{"type":"string","description":"The mapper's associated client scope. Cannot be used at the same time as client_id.","description_kind":"plain","optional":true},"id":{"type":"string","description_kind":"plain","optional":true,"computed":true},"name":{"type":"string","description":"A human-friendly name that will appear in the Keycloak console.","description_kind":"plain","required":true},"realm_id":{"type":"string","description":"The realm id where the associated client or client scope exists.","description_kind":"plain","required":true}},"description_kind":"plain"}},"keycloak_openid_user_attribute_protocol_mapper":{"version":0,"block":{"attributes":{"add_to_access_token":{"type":"bool","description":"Indicates if the attribute should be a claim in the access token.","description_kind":"plain","optional":true},"add_to_id_token":{"type":"bool","description":"Indicates if the attribute should be a claim in the id token.","description_kind":"plain","optional":true},"add_to_token_introspection":{"type":"bool","description":"Indicates if the attribute should be a claim in the token introspection response.","description_kind":"plain","optional":true},"add_to_userinfo":{"type":"bool","description":"Indicates if the attribute should appear in the userinfo response body.","description_kind":"plain","optional":true},"aggregate_attributes":{"type":"bool","description":"Indicates if attribute values should be aggregated within the group attributes","description_kind":"plain","optional":true},"claim_name":{"type":"string","description_kind":"plain","required":true},"claim_value_type":{"type":"string","description":"Claim type used when serializing tokens.","description_kind":"plain","optional":true},"client_id":{"type":"string","description":"The mapper's associated client. Cannot be used at the same time as client_scope_id.","description_kind":"plain","optional":true},"client_scope_id":{"type":"string","description":"The mapper's associated client scope. Cannot be used at the same time as client_id.","description_kind":"plain","optional":true},"id":{"type":"string","description_kind":"plain","optional":true,"computed":true},"multivalued":{"type":"bool","description":"Indicates whether this attribute is a single value or an array of values.","description_kind":"plain","optional":true},"name":{"type":"string","description":"A human-friendly name that will appear in the Keycloak console.","description_kind":"plain","required":true},"realm_id":{"type":"string","description":"The realm id where the associated client or client scope exists.","description_kind":"plain","required":true},"user_attribute":{"type":"string","description_kind":"plain","required":true}},"description_kind":"plain"}},"keycloak_openid_user_client_role_protocol_mapper":{"version":0,"block":{"attributes":{"add_to_access_token":{"type":"bool","description":"Indicates if the attribute should be a claim in the access token.","description_kind":"plain","optional":true},"add_to_id_token":{"type":"bool","description":"Indicates if the attribute should be a claim in the id token.","description_kind":"plain","optional":true},"add_to_userinfo":{"type":"bool","description":"Indicates if the attribute should appear in the userinfo response body.","description_kind":"plain","optional":true},"claim_name":{"type":"string","description_kind":"plain","required":true},"claim_value_type":{"type":"string","description":"Claim type used when serializing tokens.","description_kind":"plain","optional":true},"client_id":{"type":"string","description":"The mapper's associated client. Cannot be used at the same time as client_scope_id.","description_kind":"plain","optional":true},"client_id_for_role_mappings":{"type":"string","description":"Client ID for role mappings.","description_kind":"plain","optional":true},"client_role_prefix":{"type":"string","description":"Prefix that will be added to each client role.","description_kind":"plain","optional":true},"client_scope_id":{"type":"string","description":"The mapper's associated client scope. Cannot be used at the same time as client_id.","description_kind":"plain","optional":true},"id":{"type":"string","description_kind":"plain","optional":true,"computed":true},"multivalued":{"type":"bool","description":"Indicates whether this attribute is a single value or an array of values.","description_kind":"plain","optional":true},"name":{"type":"string","description":"A human-friendly name that will appear in the Keycloak console.","description_kind":"plain","required":true},"realm_id":{"type":"string","description":"The realm id where the associated client or client scope exists.","description_kind":"plain","required":true}},"description_kind":"plain"}},"keycloak_openid_user_property_protocol_mapper":{"version":0,"block":{"attributes":{"add_to_access_token":{"type":"bool","description":"Indicates if the property should be a claim in the access token.","description_kind":"plain","optional":true},"add_to_id_token":{"type":"bool","description":"Indicates if the property should be a claim in the id token.","description_kind":"plain","optional":true},"add_to_userinfo":{"type":"bool","description":"Indicates if the property should appear in the userinfo response body.","description_kind":"plain","optional":true},"claim_name":{"type":"string","description_kind":"plain","required":true},"claim_value_type":{"type":"string","description":"Claim type used when serializing tokens.","description_kind":"plain","optional":true},"client_id":{"type":"string","description":"The mapper's associated client. Cannot be used at the same time as client_scope_id.","description_kind":"plain","optional":true},"client_scope_id":{"type":"string","description":"The mapper's associated client scope. Cannot be used at the same time as client_id.","description_kind":"plain","optional":true},"id":{"type":"string","description_kind":"plain","optional":true,"computed":true},"name":{"type":"string","description":"A human-friendly name that will appear in the Keycloak console.","description_kind":"plain","required":true},"realm_id":{"type":"string","description":"The realm id where the associated client or client scope exists.","description_kind":"plain","required":true},"user_property":{"type":"string","description_kind":"plain","required":true}},"description_kind":"plain"}},"keycloak_openid_user_realm_role_protocol_mapper":{"version":0,"block":{"attributes":{"add_to_access_token":{"type":"bool","description":"Indicates if the attribute should be a claim in the access token.","description_kind":"plain","optional":true},"add_to_id_token":{"type":"bool","description":"Indicates if the attribute should be a claim in the id token.","description_kind":"plain","optional":true},"add_to_token_introspection":{"type":"bool","description":"Indicates if the attribute should be a claim in the token introspection response body.","description_kind":"plain","optional":true},"add_to_userinfo":{"type":"bool","description":"Indicates if the attribute should appear in the userinfo response body.","description_kind":"plain","optional":true},"claim_name":{"type":"string","description_kind":"plain","required":true},"claim_value_type":{"type":"string","description":"Claim type used when serializing tokens.","description_kind":"plain","optional":true},"client_id":{"type":"string","description":"The mapper's associated client. Cannot be used at the same time as client_scope_id.","description_kind":"plain","optional":true},"client_scope_id":{"type":"string","description":"The mapper's associated client scope. Cannot be used at the same time as client_id.","description_kind":"plain","optional":true},"id":{"type":"string","description_kind":"plain","optional":true,"computed":true},"multivalued":{"type":"bool","description":"Indicates whether this attribute is a single value or an array of values.","description_kind":"plain","optional":true},"name":{"type":"string","description":"A human-friendly name that will appear in the Keycloak console.","description_kind":"plain","required":true},"realm_id":{"type":"string","description":"The realm id where the associated client or client scope exists.","description_kind":"plain","required":true},"realm_role_prefix":{"type":"string","description":"Prefix that will be added to each realm role.","description_kind":"plain","optional":true}},"description_kind":"plain"}},"keycloak_openid_user_session_note_protocol_mapper":{"version":0,"block":{"attributes":{"add_to_access_token":{"type":"bool","description":"Indicates if the attribute should be a claim in the access token.","description_kind":"plain","optional":true},"add_to_id_token":{"type":"bool","description":"Indicates if the attribute should be a claim in the id token.","description_kind":"plain","optional":true},"add_to_token_introspection":{"type":"bool","description":"Indicates if the session note should be a claim in the token introspection response.","description_kind":"plain","optional":true},"add_to_userinfo":{"type":"bool","description":"Indicates if the session note should appear in the userinfo response body.","description_kind":"plain","optional":true},"claim_name":{"type":"string","description_kind":"plain","required":true},"claim_value_type":{"type":"string","description":"Claim type used when serializing tokens.","description_kind":"plain","optional":true},"client_id":{"type":"string","description":"The mapper's associated client. Cannot be used at the same time as client_scope_id.","description_kind":"plain","optional":true},"client_scope_id":{"type":"string","description":"The mapper's associated client scope. Cannot be used at the same time as client_id.","description_kind":"plain","optional":true},"id":{"type":"string","description_kind":"plain","optional":true,"computed":true},"name":{"type":"string","description":"A human-friendly name that will appear in the Keycloak console.","description_kind":"plain","required":true},"realm_id":{"type":"string","description":"The realm id where the associated client or client scope exists.","description_kind":"plain","required":true},"session_note":{"type":"string","description":"String value being the name of stored user session note within the UserSessionModel.note map.","description_kind":"plain","optional":true}},"description_kind":"plain"}},"keycloak_organization":{"version":0,"block":{"attributes":{"alias":{"type":"string","description":"The alias unique identifies the organization. Same as the name if not specified.","description_kind":"plain","optional":true,"computed":true},"attributes":{"type":["map","string"],"description_kind":"plain","optional":true,"computed":true},"description":{"type":"string","description_kind":"plain","optional":true},"enabled":{"type":"bool","description":"Enable/disable this organization.","description_kind":"plain","optional":true},"id":{"type":"string","description_kind":"plain","optional":true,"computed":true},"name":{"type":"string","description":"The name of the organization.","description_kind":"plain","required":true},"realm":{"type":"string","description":"Realm ID.","description_kind":"plain","required":true},"redirect_url":{"type":"string","description":"Landing page after successful login.","description_kind":"plain","optional":true}},"block_types":{"domain":{"nesting_mode":"set","block":{"attributes":{"name":{"type":"string","description_kind":"plain","required":true},"verified":{"type":"bool","description_kind":"plain","optional":true}},"description_kind":"plain"}}},"description_kind":"plain"}},"keycloak_realm":{"version":0,"block":{"attributes":{"access_code_lifespan":{"type":"string","description_kind":"plain","optional":true,"computed":true},"access_code_lifespan_login":{"type":"string","description_kind":"plain","optional":true,"computed":true},"access_code_lifespan_user_action":{"type":"string","description_kind":"plain","optional":true,"computed":true},"access_token_lifespan":{"type":"string","description_kind":"plain","optional":true,"computed":true},"access_token_lifespan_for_implicit_flow":{"type":"string","description_kind":"plain","optional":true,"computed":true},"account_theme":{"type":"string","description_kind":"plain","optional":true},"action_token_generated_by_admin_lifespan":{"type":"string","description_kind":"plain","optional":true,"computed":true},"action_token_generated_by_user_lifespan":{"type":"string","description_kind":"plain","optional":true,"computed":true},"admin_permissions_enabled":{"type":"bool","description_kind":"plain","optional":true},"admin_theme":{"type":"string","description_kind":"plain","optional":true},"attributes":{"type":["map","string"],"description_kind":"plain","optional":true},"browser_flow":{"type":"string","description":"Which flow should be used for BrowserFlow","description_kind":"plain","optional":true,"computed":true},"client_authentication_flow":{"type":"string","description":"Which flow should be used for ClientAuthenticationFlow","description_kind":"plain","optional":true,"computed":true},"client_session_idle_timeout":{"type":"string","description_kind":"plain","optional":true,"computed":true},"client_session_max_lifespan":{"type":"string","description_kind":"plain","optional":true,"computed":true},"default_default_client_scopes":{"type":["set","string"],"description_kind":"plain","optional":true},"default_optional_client_scopes":{"type":["set","string"],"description_kind":"plain","optional":true},"default_signature_algorithm":{"type":"string","description_kind":"plain","optional":true},"direct_grant_flow":{"type":"string","description":"Which flow should be used for DirectGrantFlow","description_kind":"plain","optional":true,"computed":true},"display_name":{"type":"string","description_kind":"plain","optional":true},"display_name_html":{"type":"string","description_kind":"plain","optional":true},"docker_authentication_flow":{"type":"string","description":"Which flow should be used for DockerAuthenticationFlow","description_kind":"plain","optional":true,"computed":true},"duplicate_emails_allowed":{"type":"bool","description_kind":"plain","optional":true,"computed":true},"edit_username_allowed":{"type":"bool","description_kind":"plain","optional":true,"computed":true},"email_theme":{"type":"string","description_kind":"plain","optional":true},"enabled":{"type":"bool","description_kind":"plain","optional":true},"first_broker_login_flow":{"type":"string","description":"Which flow should be used for FirstBrokerLoginFlow","description_kind":"plain","optional":true,"computed":true},"id":{"type":"string","description_kind":"plain","optional":true,"computed":true},"internal_id":{"type":"string","description_kind":"plain","optional":true,"computed":true},"login_theme":{"type":"string","description_kind":"plain","optional":true},"login_with_email_allowed":{"type":"bool","description_kind":"plain","optional":true,"computed":true},"oauth2_device_code_lifespan":{"type":"string","description_kind":"plain","optional":true,"computed":true},"oauth2_device_polling_interval":{"type":"number","description_kind":"plain","optional":true,"computed":true},"offline_session_idle_timeout":{"type":"string","description_kind":"plain","optional":true,"computed":true},"offline_session_max_lifespan":{"type":"string","description_kind":"plain","optional":true,"computed":true},"offline_session_max_lifespan_enabled":{"type":"bool","description_kind":"plain","optional":true},"organizations_enabled":{"type":"bool","description_kind":"plain","optional":true},"password_policy":{"type":"string","description":"String that represents the passwordPolicies that are in place. Each policy is separated with \" and \". Supported policies can be found in the server-info providers page. example: \"upperCase(1) and length(8) and forceExpiredPasswordChange(365) and notUsername(undefined)\"","description_kind":"plain","optional":true},"realm":{"type":"string","description_kind":"plain","required":true},"refresh_token_max_reuse":{"type":"number","description_kind":"plain","optional":true},"registration_allowed":{"type":"bool","description_kind":"plain","optional":true,"computed":true},"registration_email_as_username":{"type":"bool","description_kind":"plain","optional":true,"computed":true},"registration_flow":{"type":"string","description":"Which flow should be used for RegistrationFlow","description_kind":"plain","optional":true,"computed":true},"remember_me":{"type":"bool","description_kind":"plain","optional":true,"computed":true},"reset_credentials_flow":{"type":"string","description":"Which flow should be used for ResetCredentialsFlow","description_kind":"plain","optional":true,"computed":true},"reset_password_allowed":{"type":"bool","description_kind":"plain","optional":true,"computed":true},"revoke_refresh_token":{"type":"bool","description_kind":"plain","optional":true},"ssl_required":{"type":"string","description":"SSL Required: Values can be 'none', 'external' or 'all'.","description_kind":"plain","optional":true},"sso_session_idle_timeout":{"type":"string","description_kind":"plain","optional":true,"computed":true},"sso_session_idle_timeout_remember_me":{"type":"string","description_kind":"plain","optional":true,"computed":true},"sso_session_max_lifespan":{"type":"string","description_kind":"plain","optional":true,"computed":true},"sso_session_max_lifespan_remember_me":{"type":"string","description_kind":"plain","optional":true,"computed":true},"terraform_deletion_protection":{"type":"bool","description_kind":"plain","optional":true},"user_managed_access":{"type":"bool","description_kind":"plain","optional":true},"verify_email":{"type":"bool","description_kind":"plain","optional":true,"computed":true}},"block_types":{"internationalization":{"nesting_mode":"list","block":{"attributes":{"default_locale":{"type":"string","description_kind":"plain","required":true},"supported_locales":{"type":["set","string"],"description_kind":"plain","required":true}},"description_kind":"plain"},"max_items":1},"otp_policy":{"nesting_mode":"list","block":{"attributes":{"algorithm":{"type":"string","description":"What hashing algorithm should be used to generate the OTP.","description_kind":"plain","optional":true},"code_reusable":{"type":"bool","description_kind":"plain","optional":true},"digits":{"type":"number","description_kind":"plain","optional":true},"initial_counter":{"type":"number","description_kind":"plain","optional":true},"look_ahead_window":{"type":"number","description_kind":"plain","optional":true},"period":{"type":"number","description_kind":"plain","optional":true},"type":{"type":"string","description":"OTP Type, totp for Time-Based One Time Password or hotp for counter base one time password","description_kind":"plain","optional":true}},"description_kind":"plain"},"max_items":1},"security_defenses":{"nesting_mode":"list","block":{"block_types":{"brute_force_detection":{"nesting_mode":"list","block":{"attributes":{"brute_force_strategy":{"type":"string","description_kind":"plain","optional":true},"failure_reset_time_seconds":{"type":"number","description_kind":"plain","optional":true},"max_failure_wait_seconds":{"type":"number","description_kind":"plain","optional":true},"max_login_failures":{"type":"number","description_kind":"plain","optional":true},"max_temporary_lockouts":{"type":"number","description_kind":"plain","optional":true},"minimum_quick_login_wait_seconds":{"type":"number","description_kind":"plain","optional":true},"permanent_lockout":{"type":"bool","description_kind":"plain","optional":true},"quick_login_check_milli_seconds":{"type":"number","description_kind":"plain","optional":true},"wait_increment_seconds":{"type":"number","description_kind":"plain","optional":true}},"description_kind":"plain"},"max_items":1},"headers":{"nesting_mode":"list","block":{"attributes":{"content_security_policy":{"type":"string","description_kind":"plain","optional":true},"content_security_policy_report_only":{"type":"string","description_kind":"plain","optional":true},"referrer_policy":{"type":"string","description_kind":"plain","optional":true},"strict_transport_security":{"type":"string","description_kind":"plain","optional":true},"x_content_type_options":{"type":"string","description_kind":"plain","optional":true},"x_frame_options":{"type":"string","description_kind":"plain","optional":true},"x_robots_tag":{"type":"string","description_kind":"plain","optional":true},"x_xss_protection":{"type":"string","description_kind":"plain","optional":true}},"description_kind":"plain"},"max_items":1}},"description_kind":"plain"},"max_items":1},"smtp_server":{"nesting_mode":"list","block":{"attributes":{"allow_utf8":{"type":"bool","description_kind":"plain","optional":true},"envelope_from":{"type":"string","description_kind":"plain","optional":true},"from":{"type":"string","description_kind":"plain","required":true},"from_display_name":{"type":"string","description_kind":"plain","optional":true},"host":{"type":"string","description_kind":"plain","required":true},"port":{"type":"string","description_kind":"plain","optional":true},"reply_to":{"type":"string","description_kind":"plain","optional":true},"reply_to_display_name":{"type":"string","description_kind":"plain","optional":true},"ssl":{"type":"bool","description_kind":"plain","optional":true},"starttls":{"type":"bool","description_kind":"plain","optional":true}},"block_types":{"auth":{"nesting_mode":"list","block":{"attributes":{"password":{"type":"string","description_kind":"plain","required":true,"sensitive":true},"username":{"type":"string","description_kind":"plain","required":true}},"description_kind":"plain"},"max_items":1},"token_auth":{"nesting_mode":"list","block":{"attributes":{"client_id":{"type":"string","description_kind":"plain","required":true},"client_secret":{"type":"string","description_kind":"plain","required":true,"sensitive":true},"scope":{"type":"string","description_kind":"plain","required":true},"url":{"type":"string","description_kind":"plain","required":true},"username":{"type":"string","description_kind":"plain","required":true}},"description_kind":"plain"},"max_items":1}},"description_kind":"plain"},"max_items":1},"web_authn_passwordless_policy":{"nesting_mode":"list","block":{"attributes":{"acceptable_aaguids":{"type":["set","string"],"description_kind":"plain","optional":true},"attestation_conveyance_preference":{"type":"string","description":"Either none, indirect or direct","description_kind":"plain","optional":true},"authenticator_attachment":{"type":"string","description":"Either platform or cross-platform","description_kind":"plain","optional":true},"avoid_same_authenticator_register":{"type":"bool","description_kind":"plain","optional":true},"create_timeout":{"type":"number","description_kind":"plain","optional":true},"discoverable_credential":{"type":"string","description":"Either required, preferred or discouraged. Replaces and takes precedence over the deprecated require_resident_key attribute. Requires Keycloak 26.7 or higher.","description_kind":"plain","optional":true},"extra_origins":{"type":["set","string"],"description_kind":"plain","optional":true},"passwordless_passkeys_enabled":{"type":"bool","description":"Enable passkeys for passwordless WebAuthn authentication","description_kind":"plain","optional":true},"relying_party_entity_name":{"type":"string","description_kind":"plain","optional":true},"relying_party_id":{"type":"string","description_kind":"plain","optional":true},"require_resident_key":{"type":"string","description":"Either Yes or No","description_kind":"plain","deprecated":true,"optional":true},"signature_algorithms":{"type":["set","string"],"description":"Keycloak lists ES256, ES384, ES512, RS256, RS384, RS512, RS1 at the time of writing","description_kind":"plain","optional":true,"computed":true},"user_verification_requirement":{"type":"string","description":"Either required, preferred or discouraged","description_kind":"plain","optional":true}},"description_kind":"plain"},"max_items":1},"web_authn_policy":{"nesting_mode":"list","block":{"attributes":{"acceptable_aaguids":{"type":["set","string"],"description_kind":"plain","optional":true},"attestation_conveyance_preference":{"type":"string","description":"Either none, indirect or direct","description_kind":"plain","optional":true},"authenticator_attachment":{"type":"string","description":"Either platform or cross-platform","description_kind":"plain","optional":true},"avoid_same_authenticator_register":{"type":"bool","description_kind":"plain","optional":true},"create_timeout":{"type":"number","description_kind":"plain","optional":true},"discoverable_credential":{"type":"string","description":"Either required, preferred or discouraged. Replaces and takes precedence over the deprecated require_resident_key attribute. Requires Keycloak 26.7 or higher.","description_kind":"plain","optional":true},"extra_origins":{"type":["set","string"],"description_kind":"plain","optional":true},"relying_party_entity_name":{"type":"string","description_kind":"plain","optional":true},"relying_party_id":{"type":"string","description_kind":"plain","optional":true},"require_resident_key":{"type":"string","description":"Either Yes or No","description_kind":"plain","deprecated":true,"optional":true},"signature_algorithms":{"type":["set","string"],"description":"Keycloak lists ES256, ES384, ES512, RS256, RS384, RS512, RS1 at the time of writing","description_kind":"plain","optional":true,"computed":true},"user_verification_requirement":{"type":"string","description":"Either required, preferred or discouraged","description_kind":"plain","optional":true}},"description_kind":"plain"},"max_items":1}},"description_kind":"plain"}},"keycloak_realm_client_policy_profile":{"version":0,"block":{"attributes":{"description":{"type":"string","description_kind":"plain","optional":true},"id":{"type":"string","description_kind":"plain","optional":true,"computed":true},"name":{"type":"string","description_kind":"plain","required":true},"realm_id":{"type":"string","description_kind":"plain","required":true}},"block_types":{"executor":{"nesting_mode":"list","block":{"attributes":{"configuration":{"type":["map","string"],"description_kind":"plain","optional":true},"name":{"type":"string","description_kind":"plain","required":true}},"description_kind":"plain"}}},"description_kind":"plain"}},"keycloak_realm_client_policy_profile_policy":{"version":0,"block":{"attributes":{"description":{"type":"string","description_kind":"plain","optional":true},"enabled":{"type":"bool","description_kind":"plain","optional":true},"id":{"type":"string","description_kind":"plain","optional":true,"computed":true},"name":{"type":"string","description_kind":"plain","required":true},"profiles":{"type":["set","string"],"description_kind":"plain","required":true},"realm_id":{"type":"string","description_kind":"plain","required":true}},"block_types":{"condition":{"nesting_mode":"list","block":{"attributes":{"configuration":{"type":["map","string"],"description_kind":"plain","optional":true},"name":{"type":"string","description_kind":"plain","required":true}},"description_kind":"plain"}}},"description_kind":"plain"}},"keycloak_realm_client_registration_policy":{"version":0,"block":{"attributes":{"config":{"type":["map","string"],"description":"Policy-specific configuration key-value pairs.","description_kind":"plain","optional":true,"computed":true},"id":{"type":"string","description_kind":"plain","optional":true,"computed":true},"name":{"type":"string","description_kind":"plain","required":true},"provider_id":{"type":"string","description":"The provider ID of the client registration policy (e.g. 'trusted-hosts', 'consent-required').","description_kind":"plain","required":true},"realm_id":{"type":"string","description_kind":"plain","required":true},"sub_type":{"type":"string","description":"Whether this policy applies to anonymous or authenticated client registration.","description_kind":"plain","required":true}},"description_kind":"plain"}},"keycloak_realm_default_client_scopes":{"version":0,"block":{"attributes":{"default_scopes":{"type":["set","string"],"description_kind":"plain","required":true},"id":{"type":"string","description_kind":"plain","optional":true,"computed":true},"realm_id":{"type":"string","description_kind":"plain","required":true}},"description_kind":"plain"}},"keycloak_realm_events":{"version":0,"block":{"attributes":{"admin_events_details_enabled":{"type":"bool","description_kind":"plain","optional":true},"admin_events_enabled":{"type":"bool","description_kind":"plain","optional":true},"enabled_event_types":{"type":["set","string"],"description_kind":"plain","optional":true},"events_enabled":{"type":"bool","description_kind":"plain","optional":true},"events_expiration":{"type":"number","description_kind":"plain","optional":true},"events_listeners":{"type":["set","string"],"description_kind":"plain","optional":true},"id":{"type":"string","description_kind":"plain","optional":true,"computed":true},"realm_id":{"type":"string","description_kind":"plain","required":true}},"description_kind":"plain"}},"keycloak_realm_keystore_aes_generated":{"version":0,"block":{"attributes":{"active":{"type":"bool","description":"Set if the keys can be used for signing","description_kind":"plain","optional":true},"enabled":{"type":"bool","description":"Set if the keys are enabled","description_kind":"plain","optional":true},"id":{"type":"string","description_kind":"plain","optional":true,"computed":true},"name":{"type":"string","description":"Display name of provider when linked in admin console.","description_kind":"plain","required":true},"priority":{"type":"number","description":"Priority for the provider","description_kind":"plain","optional":true},"realm_id":{"type":"string","description_kind":"plain","required":true},"secret_size":{"type":"number","description":"Size in bytes for the generated AES Key. Size 16 is for AES-128, Size 24 for AES-192 and Size 32 for AES-256. WARN: Bigger keys then 128 bits are not allowed on some JDK implementations","description_kind":"plain","optional":true}},"description_kind":"plain"}},"keycloak_realm_keystore_ecdsa_generated":{"version":0,"block":{"attributes":{"active":{"type":"bool","description":"Set if the keys can be used for signing","description_kind":"plain","optional":true},"elliptic_curve_key":{"type":"string","description":"Elliptic Curve used in ECDSA","description_kind":"plain","optional":true},"enabled":{"type":"bool","description":"Set if the keys are enabled","description_kind":"plain","optional":true},"id":{"type":"string","description_kind":"plain","optional":true,"computed":true},"name":{"type":"string","description":"Display name of provider when linked in admin console.","description_kind":"plain","required":true},"priority":{"type":"number","description":"Priority for the provider","description_kind":"plain","optional":true},"realm_id":{"type":"string","description_kind":"plain","required":true}},"description_kind":"plain"}},"keycloak_realm_keystore_hmac_generated":{"version":0,"block":{"attributes":{"active":{"type":"bool","description":"Set if the keys can be used for signing","description_kind":"plain","optional":true},"algorithm":{"type":"string","description":"Intended algorithm for the key","description_kind":"plain","optional":true},"enabled":{"type":"bool","description":"Set if the keys are enabled","description_kind":"plain","optional":true},"id":{"type":"string","description_kind":"plain","optional":true,"computed":true},"name":{"type":"string","description":"Display name of provider when linked in admin console.","description_kind":"plain","required":true},"priority":{"type":"number","description":"Priority for the provider","description_kind":"plain","optional":true},"realm_id":{"type":"string","description_kind":"plain","required":true},"secret_size":{"type":"number","description":"Size in bytes for the generated secret","description_kind":"plain","optional":true}},"description_kind":"plain"}},"keycloak_realm_keystore_java_keystore":{"version":0,"block":{"attributes":{"active":{"type":"bool","description":"Set if the keys can be used for signing","description_kind":"plain","optional":true},"algorithm":{"type":"string","description":"Intended algorithm for the key","description_kind":"plain","optional":true},"enabled":{"type":"bool","description":"Set if the keys are enabled","description_kind":"plain","optional":true},"id":{"type":"string","description_kind":"plain","optional":true,"computed":true},"key_alias":{"type":"string","description":"Alias for the private key","description_kind":"plain","required":true},"key_password":{"type":"string","description":"Password for the private key","description_kind":"plain","required":true},"key_use":{"type":"string","description":"Intended use for the key","description_kind":"plain","optional":true},"keystore":{"type":"string","description":"Path to keys file","description_kind":"plain","required":true},"keystore_password":{"type":"string","description":"Password for the keys","description_kind":"plain","required":true},"name":{"type":"string","description":"Display name of provider when linked in admin console.","description_kind":"plain","required":true},"parent_id":{"type":"string","description_kind":"plain","computed":true},"priority":{"type":"number","description":"Priority for the provider","description_kind":"plain","optional":true},"realm_id":{"type":"string","description_kind":"plain","required":true}},"description_kind":"plain"}},"keycloak_realm_keystore_rsa":{"version":0,"block":{"attributes":{"active":{"type":"bool","description":"Set if the keys can be used for signing","description_kind":"plain","optional":true},"algorithm":{"type":"string","description":"Intended algorithm for the key","description_kind":"plain","optional":true},"certificate":{"type":"string","description":"X509 Certificate encoded in PEM format","description_kind":"plain","required":true},"enabled":{"type":"bool","description":"Set if the keys are enabled","description_kind":"plain","optional":true},"extra_config":{"type":["map","string"],"description_kind":"plain","optional":true},"id":{"type":"string","description_kind":"plain","optional":true,"computed":true},"name":{"type":"string","description":"Display name of provider when linked in admin console.","description_kind":"plain","required":true},"priority":{"type":"number","description":"Priority for the provider","description_kind":"plain","optional":true},"private_key":{"type":"string","description":"Private RSA Key encoded in PEM format","description_kind":"plain","required":true},"provider_id":{"type":"string","description":"RSA key provider id","description_kind":"plain","optional":true},"realm_id":{"type":"string","description_kind":"plain","required":true}},"description_kind":"plain"}},"keycloak_realm_keystore_rsa_generated":{"version":0,"block":{"attributes":{"active":{"type":"bool","description":"Set if the keys can be used for signing","description_kind":"plain","optional":true},"algorithm":{"type":"string","description":"Intended algorithm for the key","description_kind":"plain","optional":true},"enabled":{"type":"bool","description":"Set if the keys are enabled","description_kind":"plain","optional":true},"id":{"type":"string","description_kind":"plain","optional":true,"computed":true},"key_size":{"type":"number","description":"Size for the generated keys","description_kind":"plain","optional":true},"name":{"type":"string","description":"Display name of provider when linked in admin console.","description_kind":"plain","required":true},"priority":{"type":"number","description":"Priority for the provider","description_kind":"plain","optional":true},"realm_id":{"type":"string","description_kind":"plain","required":true}},"description_kind":"plain"}},"keycloak_realm_localization":{"version":0,"block":{"attributes":{"id":{"type":"string","description_kind":"plain","optional":true,"computed":true},"locale":{"type":"string","description":"The locale for the localization texts.","description_kind":"plain","required":true},"realm_id":{"type":"string","description":"The realm in which the texts exists.","description_kind":"plain","required":true},"texts":{"type":["map","string"],"description":"The mapping of localization texts keys to values.","description_kind":"plain","optional":true}},"description":"Manage realm-level localization texts.","description_kind":"plain"}},"keycloak_realm_optional_client_scopes":{"version":0,"block":{"attributes":{"id":{"type":"string","description_kind":"plain","optional":true,"computed":true},"optional_scopes":{"type":["set","string"],"description_kind":"plain","required":true},"realm_id":{"type":"string","description_kind":"plain","required":true}},"description_kind":"plain"}},"keycloak_realm_user_profile":{"version":0,"block":{"attributes":{"id":{"type":"string","description_kind":"plain","optional":true,"computed":true},"realm_id":{"type":"string","description_kind":"plain","required":true},"unmanaged_attribute_policy":{"type":"string","description_kind":"plain","optional":true}},"block_types":{"attribute":{"nesting_mode":"list","block":{"attributes":{"annotations":{"type":["map","string"],"description_kind":"plain","optional":true},"default_value":{"type":"string","description_kind":"plain","optional":true},"display_name":{"type":"string","description_kind":"plain","optional":true},"enabled_when_scope":{"type":["set","string"],"description_kind":"plain","optional":true},"group":{"type":"string","description_kind":"plain","optional":true},"multi_valued":{"type":"bool","description_kind":"plain","optional":true},"name":{"type":"string","description_kind":"plain","required":true},"required_for_roles":{"type":["set","string"],"description_kind":"plain","optional":true},"required_for_scopes":{"type":["set","string"],"description_kind":"plain","optional":true}},"block_types":{"permissions":{"nesting_mode":"list","block":{"attributes":{"edit":{"type":["set","string"],"description_kind":"plain","required":true},"view":{"type":["set","string"],"description_kind":"plain","required":true}},"description_kind":"plain"},"max_items":1},"validator":{"nesting_mode":"set","block":{"attributes":{"config":{"type":["map","string"],"description_kind":"plain","optional":true},"name":{"type":"string","description_kind":"plain","required":true}},"description_kind":"plain"}}},"description_kind":"plain"}},"group":{"nesting_mode":"set","block":{"attributes":{"annotations":{"type":["map","string"],"description_kind":"plain","optional":true},"display_description":{"type":"string","description_kind":"plain","optional":true},"display_header":{"type":"string","description_kind":"plain","optional":true},"name":{"type":"string","description_kind":"plain","required":true}},"description_kind":"plain"}}},"description_kind":"plain"}},"keycloak_required_action":{"version":0,"block":{"attributes":{"alias":{"type":"string","description_kind":"plain","required":true},"config":{"type":["map","string"],"description_kind":"plain","optional":true},"default_action":{"type":"bool","description_kind":"plain","optional":true},"enabled":{"type":"bool","description_kind":"plain","optional":true},"id":{"type":"string","description_kind":"plain","optional":true,"computed":true},"name":{"type":"string","description_kind":"plain","optional":true},"priority":{"type":"number","description_kind":"plain","optional":true,"computed":true},"realm_id":{"type":"string","description_kind":"plain","required":true}},"description_kind":"plain"}},"keycloak_role":{"version":0,"block":{"attributes":{"attributes":{"type":["map","string"],"description_kind":"plain","optional":true,"computed":true},"client_id":{"type":"string","description_kind":"plain","optional":true},"composite_roles":{"type":["set","string"],"description_kind":"plain","optional":true,"computed":true},"description":{"type":"string","description_kind":"plain","optional":true,"computed":true},"id":{"type":"string","description_kind":"plain","optional":true,"computed":true},"import":{"type":"bool","description_kind":"plain","optional":true},"name":{"type":"string","description_kind":"plain","required":true},"realm_id":{"type":"string","description_kind":"plain","required":true}},"description_kind":"plain"}},"keycloak_role_admin_permissions":{"version":0,"block":{"attributes":{"authorization_resource_server_id":{"type":"string","description":"Resource server id of the admin-permissions client on which this permission is managed","description_kind":"plain","computed":true},"decision_strategy":{"type":"string","description_kind":"plain","optional":true},"description":{"type":"string","description_kind":"plain","optional":true},"enabled":{"type":"bool","description_kind":"plain","computed":true},"id":{"type":"string","description_kind":"plain","optional":true,"computed":true},"name":{"type":"string","description_kind":"plain","required":true},"permission_id":{"type":"string","description_kind":"plain","computed":true},"policies":{"type":["set","string"],"description_kind":"plain","optional":true},"realm_id":{"type":"string","description_kind":"plain","required":true},"role_ids":{"type":["set","string"],"description":"Role UUIDs this permission applies to. Leave empty to target all roles in the realm.","description_kind":"plain","optional":true},"scopes":{"type":["set","string"],"description_kind":"plain","required":true}},"description_kind":"plain"}},"keycloak_saml_client":{"version":0,"block":{"attributes":{"always_display_in_console":{"type":"bool","description_kind":"plain","optional":true},"assertion_consumer_post_url":{"type":"string","description_kind":"plain","optional":true},"assertion_consumer_redirect_url":{"type":"string","description_kind":"plain","optional":true},"base_url":{"type":"string","description_kind":"plain","optional":true},"canonicalization_method":{"type":"string","description_kind":"plain","optional":true},"client_id":{"type":"string","description_kind":"plain","required":true},"client_signature_required":{"type":"bool","description_kind":"plain","optional":true},"consent_required":{"type":"bool","description_kind":"plain","optional":true,"computed":true},"description":{"type":"string","description_kind":"plain","optional":true},"enabled":{"type":"bool","description_kind":"plain","optional":true},"encrypt_assertions":{"type":"bool","description_kind":"plain","optional":true},"encryption_algorithm":{"type":"string","description_kind":"plain","optional":true},"encryption_certificate":{"type":"string","description_kind":"plain","optional":true,"computed":true},"encryption_certificate_sha1":{"type":"string","description_kind":"plain","computed":true},"encryption_digest_method":{"type":"string","description_kind":"plain","optional":true,"computed":true},"encryption_key_algorithm":{"type":"string","description_kind":"plain","optional":true,"computed":true},"encryption_mask_generation_function":{"type":"string","description_kind":"plain","optional":true,"computed":true},"extra_config":{"type":["map","string"],"description_kind":"plain","optional":true},"force_name_id_format":{"type":"bool","description_kind":"plain","optional":true},"force_post_binding":{"type":"bool","description_kind":"plain","optional":true},"front_channel_logout":{"type":"bool","description_kind":"plain","optional":true},"full_scope_allowed":{"type":"bool","description_kind":"plain","optional":true},"id":{"type":"string","description_kind":"plain","optional":true,"computed":true},"idp_initiated_sso_relay_state":{"type":"string","description_kind":"plain","optional":true},"idp_initiated_sso_url_name":{"type":"string","description_kind":"plain","optional":true},"include_authn_statement":{"type":"bool","description_kind":"plain","optional":true},"login_theme":{"type":"string","description_kind":"plain","optional":true},"logout_service_post_binding_url":{"type":"string","description_kind":"plain","optional":true},"logout_service_redirect_binding_url":{"type":"string","description_kind":"plain","optional":true},"master_saml_processing_url":{"type":"string","description_kind":"plain","optional":true},"name":{"type":"string","description_kind":"plain","optional":true},"name_id_format":{"type":"string","description_kind":"plain","optional":true,"computed":true},"realm_id":{"type":"string","description_kind":"plain","required":true},"root_url":{"type":"string","description_kind":"plain","optional":true},"sign_assertions":{"type":"bool","description_kind":"plain","optional":true},"sign_documents":{"type":"bool","description_kind":"plain","optional":true},"signature_algorithm":{"type":"string","description_kind":"plain","optional":true,"computed":true},"signature_key_name":{"type":"string","description_kind":"plain","optional":true},"signing_certificate":{"type":"string","description_kind":"plain","optional":true,"computed":true},"signing_certificate_sha1":{"type":"string","description_kind":"plain","computed":true},"signing_private_key":{"type":"string","description_kind":"plain","optional":true,"computed":true},"signing_private_key_sha1":{"type":"string","description_kind":"plain","computed":true},"valid_redirect_uris":{"type":["set","string"],"description_kind":"plain","optional":true}},"block_types":{"authentication_flow_binding_overrides":{"nesting_mode":"set","block":{"attributes":{"browser_id":{"type":"string","description_kind":"plain","optional":true},"direct_grant_id":{"type":"string","description_kind":"plain","optional":true}},"description_kind":"plain"},"max_items":1}},"description_kind":"plain"}},"keycloak_saml_client_default_scopes":{"version":0,"block":{"attributes":{"client_id":{"type":"string","description_kind":"plain","required":true},"default_scopes":{"type":["set","string"],"description_kind":"plain","required":true},"id":{"type":"string","description_kind":"plain","optional":true,"computed":true},"realm_id":{"type":"string","description_kind":"plain","required":true}},"description_kind":"plain"}},"keycloak_saml_client_scope":{"version":0,"block":{"attributes":{"consent_screen_text":{"type":"string","description_kind":"plain","optional":true},"description":{"type":"string","description_kind":"plain","optional":true},"extra_config":{"type":["map","string"],"description_kind":"plain","optional":true},"gui_order":{"type":"number","description_kind":"plain","optional":true},"id":{"type":"string","description_kind":"plain","optional":true,"computed":true},"name":{"type":"string","description_kind":"plain","required":true},"realm_id":{"type":"string","description_kind":"plain","required":true}},"description_kind":"plain"}},"keycloak_saml_identity_provider":{"version":0,"block":{"attributes":{"add_read_token_role_on_create":{"type":"bool","description":"Enable/disable if new users can read any stored tokens. This assigns the broker.read-token role.","description_kind":"plain","optional":true},"alias":{"type":"string","description":"The alias uniquely identifies an identity provider and it is also used to build the redirect uri.","description_kind":"plain","required":true},"authenticate_by_default":{"type":"bool","description":"Enable/disable authenticate users by default.","description_kind":"plain","optional":true},"authn_context_class_refs":{"type":["list","string"],"description":"AuthnContext ClassRefs","description_kind":"plain","optional":true},"authn_context_comparison_type":{"type":"string","description":"AuthnContext Comparison","description_kind":"plain","optional":true},"authn_context_decl_refs":{"type":["list","string"],"description":"AuthnContext DeclRefs","description_kind":"plain","optional":true},"backchannel_supported":{"type":"bool","description":"Does the external IDP support backchannel logout?","description_kind":"plain","optional":true},"display_name":{"type":"string","description":"Friendly name for Identity Providers.","description_kind":"plain","optional":true},"enabled":{"type":"bool","description":"Enable/disable this identity provider.","description_kind":"plain","optional":true},"entity_id":{"type":"string","description":"The Entity ID that will be used to uniquely identify this SAML Service Provider.","description_kind":"plain","required":true},"extra_config":{"type":["map","string"],"description_kind":"plain","optional":true},"first_broker_login_flow_alias":{"type":"string","description":"Alias of authentication flow, which is triggered after first login with this identity provider. Term 'First Login' means that there is not yet existing Keycloak account linked with the authenticated identity provider account.","description_kind":"plain","optional":true},"force_authn":{"type":"bool","description":"Require Force Authn.","description_kind":"plain","optional":true},"gui_order":{"type":"string","description":"GUI Order","description_kind":"plain","optional":true},"hide_on_login_page":{"type":"bool","description":"Hide On Login Page.","description_kind":"plain","optional":true},"id":{"type":"string","description_kind":"plain","optional":true,"computed":true},"internal_id":{"type":"string","description":"Internal Identity Provider Id","description_kind":"plain","computed":true},"link_only":{"type":"bool","description":"If true, users cannot log in through this provider.  They can only link to this provider.  This is useful if you don't want to allow login from the provider, but want to integrate with a provider","description_kind":"plain","optional":true},"login_hint":{"type":"string","description":"Login Hint.","description_kind":"plain","optional":true},"name_id_policy_format":{"type":"string","description":"Name ID Policy Format.","description_kind":"plain","optional":true},"org_domain":{"type":"string","description_kind":"plain","optional":true},"org_redirect_mode_email_matches":{"type":"bool","description_kind":"plain","optional":true},"organization_id":{"type":"string","description":"ID of organization with which this identity is linked.","description_kind":"plain","optional":true},"post_binding_authn_request":{"type":"bool","description":"Post Binding Authn Request.","description_kind":"plain","optional":true},"post_binding_logout":{"type":"bool","description":"Post Binding Logout.","description_kind":"plain","optional":true},"post_binding_response":{"type":"bool","description":"Post Binding Response.","description_kind":"plain","optional":true},"post_broker_login_flow_alias":{"type":"string","description":"Alias of authentication flow, which is triggered after each login with this identity provider. Useful if you want additional verification of each user authenticated with this identity provider (for example OTP). Leave this empty if you don't want any additional authenticators to be triggered after login with this identity provider. Also note, that authenticator implementations must assume that user is already set in ClientSession as identity provider already set it.","description_kind":"plain","optional":true},"principal_attribute":{"type":"string","description":"Principal Attribute","description_kind":"plain","optional":true},"principal_type":{"type":"string","description":"Principal Type","description_kind":"plain","optional":true},"provider_id":{"type":"string","description":"provider id, is always saml, unless you have a custom implementation","description_kind":"plain","optional":true},"realm":{"type":"string","description":"Realm Name","description_kind":"plain","required":true},"signature_algorithm":{"type":"string","description":"Signing Algorithm.","description_kind":"plain","optional":true},"signing_certificate":{"type":"string","description":"Signing Certificate.","description_kind":"plain","optional":true},"single_logout_service_url":{"type":"string","description":"Logout URL.","description_kind":"plain","optional":true},"single_sign_on_service_url":{"type":"string","description":"SSO Logout URL.","description_kind":"plain","required":true},"store_token":{"type":"bool","description":"Enable/disable if tokens must be stored after authenticating users.","description_kind":"plain","optional":true},"sync_mode":{"type":"string","description":"Sync Mode","description_kind":"plain","optional":true},"trust_email":{"type":"bool","description":"If enabled then email provided by this provider is not verified even if verification is enabled for the realm.","description_kind":"plain","optional":true},"validate_signature":{"type":"bool","description":"Enable/disable signature validation of SAML responses.","description_kind":"plain","optional":true},"want_assertions_encrypted":{"type":"bool","description":"Want Assertions Encrypted.","description_kind":"plain","optional":true},"want_assertions_signed":{"type":"bool","description":"Want Assertions Signed.","description_kind":"plain","optional":true},"want_authn_requests_signed":{"type":"bool","description":"Want Authn Requests Signed.","description_kind":"plain","optional":true,"computed":true},"xml_sign_key_info_key_name_transformer":{"type":"string","description":"Sign Key Transformer.","description_kind":"plain","optional":true}},"description_kind":"plain"}},"keycloak_saml_user_attribute_protocol_mapper":{"version":0,"block":{"attributes":{"aggregate_attributes":{"type":"bool","description":"Indicates if attribute values should be aggregated within the group attributes","description_kind":"plain","optional":true},"client_id":{"type":"string","description_kind":"plain","optional":true},"client_scope_id":{"type":"string","description_kind":"plain","optional":true},"friendly_name":{"type":"string","description_kind":"plain","optional":true},"id":{"type":"string","description_kind":"plain","optional":true,"computed":true},"name":{"type":"string","description_kind":"plain","required":true},"realm_id":{"type":"string","description_kind":"plain","required":true},"saml_attribute_name":{"type":"string","description_kind":"plain","required":true},"saml_attribute_name_format":{"type":"string","description_kind":"plain","required":true},"user_attribute":{"type":"string","description_kind":"plain","required":true}},"description_kind":"plain"}},"keycloak_saml_user_property_protocol_mapper":{"version":0,"block":{"attributes":{"client_id":{"type":"string","description_kind":"plain","optional":true},"client_scope_id":{"type":"string","description_kind":"plain","optional":true},"friendly_name":{"type":"string","description_kind":"plain","optional":true},"id":{"type":"string","description_kind":"plain","optional":true,"computed":true},"name":{"type":"string","description_kind":"plain","required":true},"realm_id":{"type":"string","description_kind":"plain","required":true},"saml_attribute_name":{"type":"string","description_kind":"plain","required":true},"saml_attribute_name_format":{"type":"string","description_kind":"plain","required":true},"user_property":{"type":"string","description_kind":"plain","required":true}},"description_kind":"plain"}},"keycloak_spiffe_identity_provider":{"version":0,"block":{"attributes":{"add_read_token_role_on_create":{"type":"bool","description":"Enable/disable if new users can read any stored tokens. This assigns the broker.read-token role.","description_kind":"plain","optional":true},"alias":{"type":"string","description":"The alias uniquely identifies an identity provider and it is also used to build the redirect uri.","description_kind":"plain","required":true},"authenticate_by_default":{"type":"bool","description":"Enable/disable authenticate users by default.","description_kind":"plain","optional":true},"bundle_endpoint":{"type":"string","description":"The SPIFFE bundle endpoint or OpenID Connect JWKS endpoint exposing SPIFFE public keys. Depending on your Keycloak Realm \"ssl_required\" setting, this may need to be an HTTPS URL.","description_kind":"plain","required":true},"display_name":{"type":"string","description":"Friendly name for Identity Providers.","description_kind":"plain","optional":true},"enabled":{"type":"bool","description":"Enable/disable this identity provider.","description_kind":"plain","optional":true},"extra_config":{"type":["map","string"],"description_kind":"plain","optional":true},"first_broker_login_flow_alias":{"type":"string","description":"Alias of authentication flow, which is triggered after first login with this identity provider. Term 'First Login' means that there is not yet existing Keycloak account linked with the authenticated identity provider account.","description_kind":"plain","optional":true},"gui_order":{"type":"string","description":"GUI Order","description_kind":"plain","optional":true},"hide_on_login_page":{"type":"bool","description":"This is always set to true for SPIFFE identity provider.","description_kind":"plain","computed":true},"id":{"type":"string","description_kind":"plain","optional":true,"computed":true},"internal_id":{"type":"string","description":"Internal Identity Provider Id","description_kind":"plain","computed":true},"link_only":{"type":"bool","description":"If true, users cannot log in through this provider.  They can only link to this provider.  This is useful if you don't want to allow login from the provider, but want to integrate with a provider","description_kind":"plain","optional":true},"org_domain":{"type":"string","description_kind":"plain","optional":true},"org_redirect_mode_email_matches":{"type":"bool","description_kind":"plain","optional":true},"organization_id":{"type":"string","description":"ID of organization with which this identity is linked.","description_kind":"plain","optional":true},"post_broker_login_flow_alias":{"type":"string","description":"Alias of authentication flow, which is triggered after each login with this identity provider. Useful if you want additional verification of each user authenticated with this identity provider (for example OTP). Leave this empty if you don't want any additional authenticators to be triggered after login with this identity provider. Also note, that authenticator implementations must assume that user is already set in ClientSession as identity provider already set it.","description_kind":"plain","optional":true},"provider_id":{"type":"string","description":"Provider ID, is always spiffe.","description_kind":"plain","optional":true},"realm":{"type":"string","description":"Realm Name","description_kind":"plain","required":true},"store_token":{"type":"bool","description":"Enable/disable if tokens must be stored after authenticating users.","description_kind":"plain","optional":true},"sync_mode":{"type":"string","description":"Sync Mode","description_kind":"plain","optional":true},"trust_domain":{"type":"string","description":"The SPIFFE trust domain. This must use the spiffe:// scheme.","description_kind":"plain","required":true},"trust_email":{"type":"bool","description":"If enabled then email provided by this provider is not verified even if verification is enabled for the realm.","description_kind":"plain","optional":true}},"description_kind":"plain"}},"keycloak_user":{"version":0,"block":{"attributes":{"attributes":{"type":["map","string"],"description_kind":"plain","optional":true},"email":{"type":"string","description_kind":"plain","optional":true},"email_verified":{"type":"bool","description_kind":"plain","optional":true},"enabled":{"type":"bool","description_kind":"plain","optional":true},"first_name":{"type":"string","description_kind":"plain","optional":true},"id":{"type":"string","description_kind":"plain","optional":true,"computed":true},"import":{"type":"bool","description_kind":"plain","optional":true},"last_name":{"type":"string","description_kind":"plain","optional":true},"realm_id":{"type":"string","description_kind":"plain","required":true},"required_actions":{"type":["set","string"],"description_kind":"plain","optional":true},"username":{"type":"string","description_kind":"plain","required":true}},"block_types":{"federated_identity":{"nesting_mode":"set","block":{"attributes":{"identity_provider":{"type":"string","description_kind":"plain","required":true},"user_id":{"type":"string","description_kind":"plain","required":true},"user_name":{"type":"string","description_kind":"plain","required":true}},"description_kind":"plain"}},"initial_password":{"nesting_mode":"list","block":{"attributes":{"temporary":{"type":"bool","description_kind":"plain","optional":true},"value":{"type":"string","description_kind":"plain","required":true,"sensitive":true}},"description_kind":"plain"},"max_items":1}},"description_kind":"plain"}},"keycloak_user_groups":{"version":0,"block":{"attributes":{"exhaustive":{"type":"bool","description_kind":"plain","optional":true},"group_ids":{"type":["set","string"],"description_kind":"plain","required":true},"id":{"type":"string","description_kind":"plain","optional":true,"computed":true},"realm_id":{"type":"string","description_kind":"plain","required":true},"user_id":{"type":"string","description_kind":"plain","required":true}},"description_kind":"plain"}},"keycloak_user_roles":{"version":0,"block":{"attributes":{"exhaustive":{"type":"bool","description_kind":"plain","optional":true},"id":{"type":"string","description_kind":"plain","optional":true,"computed":true},"realm_id":{"type":"string","description_kind":"plain","required":true},"role_ids":{"type":["set","string"],"description_kind":"plain","required":true},"user_id":{"type":"string","description_kind":"plain","required":true}},"description_kind":"plain"}},"keycloak_user_template_importer_identity_provider_mapper":{"version":0,"block":{"attributes":{"extra_config":{"type":["map","string"],"description_kind":"plain","optional":true},"id":{"type":"string","description_kind":"plain","optional":true,"computed":true},"identity_provider_alias":{"type":"string","description":"IDP Alias","description_kind":"plain","required":true},"name":{"type":"string","description":"IDP Mapper Name","description_kind":"plain","required":true},"realm":{"type":"string","description":"Realm Name","description_kind":"plain","required":true},"template":{"type":"string","description":"Username For Template Import","description_kind":"plain","optional":true}},"description_kind":"plain"}},"keycloak_users_admin_permissions":{"version":0,"block":{"attributes":{"authorization_resource_server_id":{"type":"string","description":"Resource server id of the admin-permissions client on which this permission is managed","description_kind":"plain","computed":true},"decision_strategy":{"type":"string","description_kind":"plain","optional":true},"description":{"type":"string","description_kind":"plain","optional":true},"enabled":{"type":"bool","description_kind":"plain","computed":true},"id":{"type":"string","description_kind":"plain","optional":true,"computed":true},"name":{"type":"string","description_kind":"plain","required":true},"permission_id":{"type":"string","description_kind":"plain","computed":true},"policies":{"type":["set","string"],"description_kind":"plain","optional":true},"realm_id":{"type":"string","description_kind":"plain","required":true},"scopes":{"type":["set","string"],"description_kind":"plain","required":true}},"description_kind":"plain"}},"keycloak_users_permissions":{"version":0,"block":{"attributes":{"authorization_resource_server_id":{"type":"string","description":"Resource server id representing the realm management client on which this permission is managed","description_kind":"plain","computed":true},"enabled":{"type":"bool","description_kind":"plain","computed":true},"id":{"type":"string","description_kind":"plain","optional":true,"computed":true},"realm_id":{"type":"string","description_kind":"plain","required":true}},"block_types":{"impersonate_scope":{"nesting_mode":"set","block":{"attributes":{"decision_strategy":{"type":"string","description_kind":"plain","optional":true},"description":{"type":"string","description_kind":"plain","optional":true},"policies":{"type":["set","string"],"description_kind":"plain","optional":true}},"description_kind":"plain"},"max_items":1},"manage_group_membership_scope":{"nesting_mode":"set","block":{"attributes":{"decision_strategy":{"type":"string","description_kind":"plain","optional":true},"description":{"type":"string","description_kind":"plain","optional":true},"policies":{"type":["set","string"],"description_kind":"plain","optional":true}},"description_kind":"plain"},"max_items":1},"manage_scope":{"nesting_mode":"set","block":{"attributes":{"decision_strategy":{"type":"string","description_kind":"plain","optional":true},"description":{"type":"string","description_kind":"plain","optional":true},"policies":{"type":["set","string"],"description_kind":"plain","optional":true}},"description_kind":"plain"},"max_items":1},"map_roles_scope":{"nesting_mode":"set","block":{"attributes":{"decision_strategy":{"type":"string","description_kind":"plain","optional":true},"description":{"type":"string","description_kind":"plain","optional":true},"policies":{"type":["set","string"],"description_kind":"plain","optional":true}},"description_kind":"plain"},"max_items":1},"user_impersonated_scope":{"nesting_mode":"set","block":{"attributes":{"decision_strategy":{"type":"string","description_kind":"plain","optional":true},"description":{"type":"string","description_kind":"plain","optional":true},"policies":{"type":["set","string"],"description_kind":"plain","optional":true}},"description_kind":"plain"},"max_items":1},"view_scope":{"nesting_mode":"set","block":{"attributes":{"decision_strategy":{"type":"string","description_kind":"plain","optional":true},"description":{"type":"string","description_kind":"plain","optional":true},"policies":{"type":["set","string"],"description_kind":"plain","optional":true}},"description_kind":"plain"},"max_items":1}},"description_kind":"plain"}},"keycloak_workflow":{"version":0,"block":{"attributes":{"cancel_in_progress":{"type":"string","description":"Event that cancels an in-progress workflow execution.","description_kind":"plain","optional":true},"conditions":{"type":"string","description":"Expression that must be satisfied for the workflow to run.","description_kind":"plain","optional":true},"enabled":{"type":"bool","description":"Whether the workflow is enabled.","description_kind":"plain","optional":true},"id":{"type":"string","description_kind":"plain","optional":true,"computed":true},"name":{"type":"string","description":"The name of the workflow.","description_kind":"plain","required":true},"on":{"type":"string","description":"The event that triggers the workflow. Supported values: user_created, user_removed, user_authenticated, user_federated_identity_added, user_federated_identity_removed, user_group_membership_added, user_group_membership_removed, user_role_granted, user_role_revoked.","description_kind":"plain","required":true},"realm":{"type":"string","description":"The realm this workflow belongs to.","description_kind":"plain","required":true},"restart_in_progress":{"type":"string","description":"Event that restarts an in-progress workflow execution.","description_kind":"plain","optional":true},"state":{"type":["list",["object",{"errors":["list","string"]}]],"description":"Runtime state of the workflow, as reported by Keycloak.","description_kind":"plain","computed":true}},"block_types":{"schedule":{"nesting_mode":"list","block":{"attributes":{"after":{"type":"string","description":"Interval between successive scheduled runs, as a duration string (e.g. 30s, 1d) or milliseconds.","description_kind":"plain","optional":true},"batch_size":{"type":"number","description":"Maximum number of resources processed per scheduled batch.","description_kind":"plain","optional":true}},"description":"Scheduling configuration for the workflow.","description_kind":"plain"},"max_items":1},"step":{"nesting_mode":"list","block":{"attributes":{"after":{"type":"string","description":"Delay before executing this step, as a duration string (e.g. 7d) or milliseconds (e.g. 2592000000).","description_kind":"plain","optional":true},"config":{"type":["map","string"],"description":"Key-value configuration for the step.","description_kind":"plain","optional":true},"priority":{"type":"string","description":"Execution priority of the step, used to order steps that would otherwise run at the same time.","description_kind":"plain","optional":true},"scheduled_at":{"type":"number","description":"Epoch timestamp in milliseconds at which the step is scheduled to execute.","description_kind":"plain","computed":true},"status":{"type":"string","description":"Execution status of the step, as reported by Keycloak.","description_kind":"plain","computed":true},"uses":{"type":"string","description":"The step type to execute (e.g. disable-user, delete-user, notify-user).","description_kind":"plain","required":true}},"description":"Ordered list of steps to execute.","description_kind":"plain"},"min_items":1}},"description_kind":"plain"}}},"data_source_schemas":{"keycloak_authentication_execution":{"version":0,"block":{"attributes":{"id":{"type":"string","description_kind":"plain","optional":true,"computed":true},"parent_flow_alias":{"type":"string","description_kind":"plain","required":true},"priority":{"type":"number","description_kind":"plain","computed":true},"provider_id":{"type":"string","description_kind":"plain","required":true},"realm_id":{"type":"string","description_kind":"plain","required":true}},"description_kind":"plain"}},"keycloak_authentication_flow":{"version":0,"block":{"attributes":{"alias":{"type":"string","description_kind":"plain","required":true},"id":{"type":"string","description_kind":"plain","optional":true,"computed":true},"realm_id":{"type":"string","description_kind":"plain","required":true}},"description_kind":"plain"}},"keycloak_authentication_subflow":{"version":0,"block":{"attributes":{"alias":{"type":"string","description_kind":"plain","optional":true},"authenticator":{"type":"string","description_kind":"plain","computed":true},"description":{"type":"string","description_kind":"plain","computed":true},"id":{"type":"string","description_kind":"plain","optional":true,"computed":true},"parent_flow_alias":{"type":"string","description_kind":"plain","required":true},"priority":{"type":"number","description_kind":"plain","computed":true},"provider_id":{"type":"string","description_kind":"plain","computed":true},"realm_id":{"type":"string","description_kind":"plain","required":true},"requirement":{"type":"string","description_kind":"plain","computed":true}},"description_kind":"plain"}},"keycloak_client_description_converter":{"version":0,"block":{"attributes":{"access":{"type":["map","string"],"description_kind":"plain","computed":true},"admin_url":{"type":"string","description_kind":"plain","computed":true},"always_display_in_console":{"type":"bool","description_kind":"plain","computed":true},"attributes":{"type":["map","string"],"description_kind":"plain","computed":true},"authentication_flow_binding_overrides":{"type":["map","string"],"description_kind":"plain","computed":true},"authorization_services_enabled":{"type":"bool","description_kind":"plain","computed":true},"authorization_settings":{"type":["map","string"],"description_kind":"plain","computed":true},"base_url":{"type":"string","description_kind":"plain","computed":true},"bearer_only":{"type":"bool","description_kind":"plain","computed":true},"body":{"type":"string","description_kind":"plain","required":true},"client_authenticator_type":{"type":"string","description_kind":"plain","computed":true},"client_id":{"type":"string","description_kind":"plain","computed":true},"consent_required":{"type":"string","description_kind":"plain","computed":true},"default_client_scopes":{"type":["set","string"],"description_kind":"plain","computed":true},"default_roles":{"type":["set","string"],"description_kind":"plain","computed":true},"description":{"type":"string","description_kind":"plain","computed":true},"direct_access_grants_enabled":{"type":"bool","description_kind":"plain","computed":true},"enabled":{"type":"bool","description_kind":"plain","computed":true},"frontchannel_logout":{"type":"bool","description_kind":"plain","computed":true},"full_scope_allowed":{"type":"bool","description_kind":"plain","computed":true},"id":{"type":"string","description_kind":"plain","optional":true,"computed":true},"implicit_flow_enabled":{"type":"bool","description_kind":"plain","computed":true},"name":{"type":"string","description_kind":"plain","computed":true},"not_before":{"type":"number","description_kind":"plain","computed":true},"optional_client_scopes":{"type":["set","string"],"description_kind":"plain","computed":true},"origin":{"type":"string","description_kind":"plain","computed":true},"protocol":{"type":"string","description_kind":"plain","computed":true},"protocol_mappers":{"type":["set",["object",{"config":["map","string"],"id":"string","name":"string","protocol":"string","protocol_mapper":"string"}]],"description_kind":"plain","computed":true},"public_client":{"type":"bool","description_kind":"plain","computed":true},"realm_id":{"type":"string","description_kind":"plain","required":true},"redirect_uris":{"type":["set","string"],"description_kind":"plain","computed":true},"registered_nodes":{"type":["map","string"],"description_kind":"plain","computed":true},"registration_access_token":{"type":"string","description_kind":"plain","computed":true},"root_url":{"type":"string","description_kind":"plain","computed":true},"secret":{"type":"string","description_kind":"plain","computed":true},"service_accounts_enabled":{"type":"bool","description_kind":"plain","computed":true},"standard_flow_enabled":{"type":"bool","description_kind":"plain","computed":true},"surrogate_auth_required":{"type":"bool","description_kind":"plain","computed":true},"web_origins":{"type":["set","string"],"description_kind":"plain","computed":true}},"description_kind":"plain"}},"keycloak_generic_protocol_mapper":{"version":0,"block":{"attributes":{"client_id":{"type":"string","description":"The client this protocol mapper is attached to.","description_kind":"plain","optional":true},"client_scope_id":{"type":"string","description":"The client scope this protocol mapper is attached to.","description_kind":"plain","optional":true},"config":{"type":["map","string"],"description":"The configuration of the protocol mapper.","description_kind":"plain","computed":true},"id":{"type":"string","description_kind":"plain","optional":true,"computed":true},"name":{"type":"string","description":"The name of the protocol mapper.","description_kind":"plain","required":true},"protocol":{"type":"string","description":"The protocol of the client (openid-connect / saml).","description_kind":"plain","computed":true},"protocol_mapper":{"type":"string","description":"The type of the protocol mapper.","description_kind":"plain","computed":true},"realm_id":{"type":"string","description":"The realm id where the associated client or client scope exists.","description_kind":"plain","required":true}},"description_kind":"plain"}},"keycloak_group":{"version":0,"block":{"attributes":{"attributes":{"type":["map","string"],"description_kind":"plain","computed":true},"description":{"type":"string","description_kind":"plain","optional":true},"group_path":{"type":"string","description_kind":"plain","optional":true},"id":{"type":"string","description_kind":"plain","optional":true,"computed":true},"name":{"type":"string","description_kind":"plain","optional":true},"organization_id":{"type":"string","description_kind":"plain","optional":true},"parent_id":{"type":"string","description_kind":"plain","computed":true},"path":{"type":"string","description_kind":"plain","computed":true},"realm_id":{"type":"string","description_kind":"plain","required":true}},"description_kind":"plain"}},"keycloak_openid_client":{"version":1,"block":{"attributes":{"access_token_lifespan":{"type":"string","description_kind":"plain","computed":true},"access_type":{"type":"string","description_kind":"plain","computed":true},"admin_url":{"type":"string","description_kind":"plain","computed":true},"allow_refresh_token_in_standard_token_exchange":{"type":"string","description_kind":"plain","computed":true},"always_display_in_console":{"type":"bool","description_kind":"plain","optional":true},"authentication_flow_binding_overrides":{"type":["set",["object",{"browser_id":"string","direct_grant_id":"string"}]],"description_kind":"plain","computed":true},"authorization":{"type":["set",["object",{"allow_remote_resource_management":"bool","decision_strategy":"string","keep_defaults":"bool","policy_enforcement_mode":"string"}]],"description_kind":"plain","computed":true},"backchannel_logout_revoke_offline_sessions":{"type":"bool","description_kind":"plain","computed":true},"backchannel_logout_session_required":{"type":"bool","description_kind":"plain","computed":true},"backchannel_logout_url":{"type":"string","description_kind":"plain","computed":true},"base_url":{"type":"string","description_kind":"plain","computed":true},"client_authenticator_type":{"type":"string","description_kind":"plain","computed":true},"client_id":{"type":"string","description_kind":"plain","required":true},"client_offline_session_idle_timeout":{"type":"string","description_kind":"plain","computed":true},"client_offline_session_max_lifespan":{"type":"string","description_kind":"plain","computed":true},"client_secret":{"type":"string","description_kind":"plain","computed":true,"sensitive":true},"client_session_idle_timeout":{"type":"string","description_kind":"plain","computed":true},"client_session_max_lifespan":{"type":"string","description_kind":"plain","computed":true},"consent_required":{"type":"bool","description_kind":"plain","computed":true},"consent_screen_text":{"type":"string","description_kind":"plain","optional":true},"description":{"type":"string","description_kind":"plain","computed":true},"direct_access_grants_enabled":{"type":"bool","description_kind":"plain","computed":true},"display_on_consent_screen":{"type":"bool","description_kind":"plain","optional":true},"enabled":{"type":"bool","description_kind":"plain","computed":true},"exclude_issuer_from_auth_response":{"type":"bool","description_kind":"plain","computed":true},"exclude_session_state_from_auth_response":{"type":"bool","description_kind":"plain","computed":true},"extra_config":{"type":["map","string"],"description_kind":"plain","optional":true,"computed":true},"frontchannel_logout_enabled":{"type":"bool","description_kind":"plain","computed":true},"frontchannel_logout_url":{"type":"string","description_kind":"plain","computed":true},"full_scope_allowed":{"type":"bool","description_kind":"plain","computed":true},"id":{"type":"string","description_kind":"plain","optional":true,"computed":true},"implicit_flow_enabled":{"type":"bool","description_kind":"plain","computed":true},"login_theme":{"type":"string","description_kind":"plain","computed":true},"name":{"type":"string","description_kind":"plain","computed":true},"oauth2_device_authorization_grant_enabled":{"type":"bool","description_kind":"plain","optional":true},"oauth2_device_code_lifespan":{"type":"string","description_kind":"plain","optional":true},"oauth2_device_polling_interval":{"type":"string","description_kind":"plain","optional":true},"oauth2_jwt_authorization_grant_enabled":{"type":"bool","description_kind":"plain","optional":true},"oauth2_jwt_authorization_grant_idp":{"type":"string","description_kind":"plain","optional":true},"pkce_code_challenge_method":{"type":"string","description_kind":"plain","computed":true},"realm_id":{"type":"string","description_kind":"plain","required":true},"require_dpop_bound_tokens":{"type":"bool","description_kind":"plain","computed":true},"resource_server_id":{"type":"string","description_kind":"plain","computed":true},"root_url":{"type":"string","description_kind":"plain","computed":true},"service_account_user_id":{"type":"string","description_kind":"plain","computed":true},"service_accounts_enabled":{"type":"bool","description_kind":"plain","computed":true},"standard_flow_enabled":{"type":"bool","description_kind":"plain","computed":true},"standard_token_exchange_enabled":{"type":"bool","description_kind":"plain","computed":true},"use_refresh_tokens":{"type":"bool","description_kind":"plain","computed":true},"use_refresh_tokens_client_credentials":{"type":"bool","description_kind":"plain","computed":true},"valid_post_logout_redirect_uris":{"type":["set","string"],"description_kind":"plain","computed":true},"valid_redirect_uris":{"type":["set","string"],"description_kind":"plain","computed":true},"web_origins":{"type":["set","string"],"description_kind":"plain","computed":true}},"description_kind":"plain"}},"keycloak_openid_client_authorization_policy":{"version":0,"block":{"attributes":{"decision_strategy":{"type":"string","description_kind":"plain","computed":true},"id":{"type":"string","description_kind":"plain","optional":true,"computed":true},"logic":{"type":"string","description_kind":"plain","computed":true},"name":{"type":"string","description_kind":"plain","required":true},"owner":{"type":"string","description_kind":"plain","computed":true},"policies":{"type":["set","string"],"description_kind":"plain","computed":true},"realm_id":{"type":"string","description_kind":"plain","required":true},"resource_server_id":{"type":"string","description_kind":"plain","required":true},"resources":{"type":["set","string"],"description_kind":"plain","computed":true},"scopes":{"type":["set","string"],"description_kind":"plain","computed":true},"type":{"type":"string","description_kind":"plain","computed":true}},"description_kind":"plain"}},"keycloak_openid_client_authorization_scope":{"version":0,"block":{"attributes":{"display_name":{"type":"string","description_kind":"plain","computed":true},"icon_uri":{"type":"string","description_kind":"plain","computed":true},"id":{"type":"string","description_kind":"plain","optional":true,"computed":true},"name":{"type":"string","description_kind":"plain","required":true},"realm_id":{"type":"string","description_kind":"plain","required":true},"resource_server_id":{"type":"string","description_kind":"plain","required":true}},"description_kind":"plain"}},"keycloak_openid_client_scope":{"version":0,"block":{"attributes":{"consent_screen_text":{"type":"string","description_kind":"plain","computed":true},"description":{"type":"string","description_kind":"plain","computed":true},"extra_config":{"type":["map","string"],"description_kind":"plain","optional":true,"computed":true},"gui_order":{"type":"number","description_kind":"plain","computed":true},"id":{"type":"string","description_kind":"plain","optional":true,"computed":true},"include_in_openid_provider_metadata":{"type":"bool","description_kind":"plain","computed":true},"include_in_token_scope":{"type":"bool","description_kind":"plain","computed":true},"name":{"type":"string","description_kind":"plain","required":true},"realm_id":{"type":"string","description_kind":"plain","required":true}},"description_kind":"plain"}},"keycloak_openid_client_service_account_user":{"version":0,"block":{"attributes":{"attributes":{"type":["map","string"],"description_kind":"plain","computed":true},"client_id":{"type":"string","description_kind":"plain","required":true},"email":{"type":"string","description_kind":"plain","computed":true},"email_verified":{"type":"bool","description_kind":"plain","computed":true},"enabled":{"type":"bool","description_kind":"plain","computed":true},"federated_identity":{"type":["list",["object",{"identity_provider":"string","user_id":"string","user_name":"string"}]],"description_kind":"plain","computed":true},"first_name":{"type":"string","description_kind":"plain","computed":true},"id":{"type":"string","description_kind":"plain","optional":true,"computed":true},"last_name":{"type":"string","description_kind":"plain","computed":true},"realm_id":{"type":"string","description_kind":"plain","required":true},"required_actions":{"type":["set","string"],"description_kind":"plain","computed":true},"username":{"type":"string","description_kind":"plain","computed":true}},"description_kind":"plain"}},"keycloak_organization":{"version":0,"block":{"attributes":{"alias":{"type":"string","description_kind":"plain","computed":true},"attributes":{"type":["map","string"],"description_kind":"plain","computed":true},"description":{"type":"string","description_kind":"plain","computed":true},"domain":{"type":["set",["object",{"name":"string","verified":"bool"}]],"description_kind":"plain","computed":true},"enabled":{"type":"bool","description_kind":"plain","computed":true},"id":{"type":"string","description_kind":"plain","optional":true,"computed":true},"name":{"type":"string","description":"The name of the organization.","description_kind":"plain","required":true},"realm":{"type":"string","description":"Realm ID.","description_kind":"plain","required":true},"redirect_url":{"type":"string","description_kind":"plain","computed":true}},"description_kind":"plain"}},"keycloak_realm":{"version":0,"block":{"attributes":{"access_code_lifespan":{"type":"string","description_kind":"plain","computed":true},"access_code_lifespan_login":{"type":"string","description_kind":"plain","computed":true},"access_code_lifespan_user_action":{"type":"string","description_kind":"plain","computed":true},"access_token_lifespan":{"type":"string","description_kind":"plain","computed":true},"access_token_lifespan_for_implicit_flow":{"type":"string","description_kind":"plain","computed":true},"account_theme":{"type":"string","description_kind":"plain","computed":true},"action_token_generated_by_admin_lifespan":{"type":"string","description_kind":"plain","computed":true},"action_token_generated_by_user_lifespan":{"type":"string","description_kind":"plain","computed":true},"admin_permissions_enabled":{"type":"bool","description_kind":"plain","computed":true},"admin_theme":{"type":"string","description_kind":"plain","computed":true},"attributes":{"type":["map","string"],"description_kind":"plain","optional":true,"computed":true},"browser_flow":{"type":"string","description":"Which flow should be used for BrowserFlow","description_kind":"plain","computed":true},"client_authentication_flow":{"type":"string","description":"Which flow should be used for ClientAuthenticationFlow","description_kind":"plain","computed":true},"client_session_idle_timeout":{"type":"string","description_kind":"plain","computed":true},"client_session_max_lifespan":{"type":"string","description_kind":"plain","computed":true},"default_default_client_scopes":{"type":["set","string"],"description_kind":"plain","optional":true,"computed":true},"default_optional_client_scopes":{"type":["set","string"],"description_kind":"plain","optional":true,"computed":true},"default_signature_algorithm":{"type":"string","description_kind":"plain","computed":true},"direct_grant_flow":{"type":"string","description":"Which flow should be used for DirectGrantFlow","description_kind":"plain","computed":true},"display_name":{"type":"string","description_kind":"plain","computed":true},"display_name_html":{"type":"string","description_kind":"plain","optional":true},"docker_authentication_flow":{"type":"string","description":"Which flow should be used for DockerAuthenticationFlow","description_kind":"plain","computed":true},"duplicate_emails_allowed":{"type":"bool","description_kind":"plain","computed":true},"edit_username_allowed":{"type":"bool","description_kind":"plain","computed":true},"email_theme":{"type":"string","description_kind":"plain","computed":true},"enabled":{"type":"bool","description_kind":"plain","computed":true},"first_broker_login_flow":{"type":"string","description":"Which flow should be used for FirstBrokerLoginFlow","description_kind":"plain","computed":true},"id":{"type":"string","description_kind":"plain","optional":true,"computed":true},"internal_id":{"type":"string","description_kind":"plain","computed":true},"login_theme":{"type":"string","description_kind":"plain","computed":true},"login_with_email_allowed":{"type":"bool","description_kind":"plain","computed":true},"oauth2_device_code_lifespan":{"type":"string","description_kind":"plain","computed":true},"oauth2_device_polling_interval":{"type":"number","description_kind":"plain","computed":true},"offline_session_idle_timeout":{"type":"string","description_kind":"plain","computed":true},"offline_session_max_lifespan":{"type":"string","description_kind":"plain","computed":true},"offline_session_max_lifespan_enabled":{"type":"bool","description_kind":"plain","computed":true},"organizations_enabled":{"type":"bool","description_kind":"plain","computed":true},"password_policy":{"type":"string","description":"String that represents the passwordPolicies that are in place. Each policy is separated with \" and \". Supported policies can be found in the server-info providers page. example: \"upperCase(1) and length(8) and forceExpiredPasswordChange(365) and notUsername(undefined)\"","description_kind":"plain","computed":true},"realm":{"type":"string","description_kind":"plain","required":true},"refresh_token_max_reuse":{"type":"number","description_kind":"plain","computed":true},"registration_allowed":{"type":"bool","description_kind":"plain","computed":true},"registration_email_as_username":{"type":"bool","description_kind":"plain","computed":true},"registration_flow":{"type":"string","description":"Which flow should be used for RegistrationFlow","description_kind":"plain","computed":true},"remember_me":{"type":"bool","description_kind":"plain","computed":true},"reset_credentials_flow":{"type":"string","description":"Which flow should be used for ResetCredentialsFlow","description_kind":"plain","computed":true},"reset_password_allowed":{"type":"bool","description_kind":"plain","computed":true},"revoke_refresh_token":{"type":"bool","description_kind":"plain","computed":true},"ssl_required":{"type":"string","description_kind":"plain","computed":true},"sso_session_idle_timeout":{"type":"string","description_kind":"plain","computed":true},"sso_session_idle_timeout_remember_me":{"type":"string","description_kind":"plain","computed":true},"sso_session_max_lifespan":{"type":"string","description_kind":"plain","computed":true},"sso_session_max_lifespan_remember_me":{"type":"string","description_kind":"plain","computed":true},"user_managed_access":{"type":"bool","description_kind":"plain","computed":true},"verify_email":{"type":"bool","description_kind":"plain","computed":true}},"block_types":{"internationalization":{"nesting_mode":"list","block":{"attributes":{"default_locale":{"type":"string","description_kind":"plain","computed":true},"supported_locales":{"type":["set","string"],"description_kind":"plain","computed":true}},"description_kind":"plain"}},"otp_policy":{"nesting_mode":"list","block":{"attributes":{"algorithm":{"type":"string","description_kind":"plain","computed":true},"code_reusable":{"type":"bool","description_kind":"plain","computed":true},"digits":{"type":"number","description_kind":"plain","computed":true},"initial_counter":{"type":"number","description_kind":"plain","computed":true},"look_ahead_window":{"type":"number","description_kind":"plain","computed":true},"period":{"type":"number","description_kind":"plain","computed":true},"type":{"type":"string","description_kind":"plain","computed":true}},"description_kind":"plain"},"max_items":1},"security_defenses":{"nesting_mode":"list","block":{"block_types":{"brute_force_detection":{"nesting_mode":"list","block":{"attributes":{"failure_reset_time_seconds":{"type":"number","description_kind":"plain","computed":true},"max_failure_wait_seconds":{"type":"number","description_kind":"plain","computed":true},"max_login_failures":{"type":"number","description_kind":"plain","computed":true},"max_temporary_lockouts":{"type":"number","description_kind":"plain","computed":true},"minimum_quick_login_wait_seconds":{"type":"number","description_kind":"plain","computed":true},"permanent_lockout":{"type":"bool","description_kind":"plain","computed":true},"quick_login_check_milli_seconds":{"type":"number","description_kind":"plain","computed":true},"wait_increment_seconds":{"type":"number","description_kind":"plain","computed":true}},"description_kind":"plain"}},"headers":{"nesting_mode":"list","block":{"attributes":{"content_security_policy":{"type":"string","description_kind":"plain","computed":true},"content_security_policy_report_only":{"type":"string","description_kind":"plain","computed":true},"referrer_policy":{"type":"string","description_kind":"plain","computed":true},"strict_transport_security":{"type":"string","description_kind":"plain","computed":true},"x_content_type_options":{"type":"string","description_kind":"plain","computed":true},"x_frame_options":{"type":"string","description_kind":"plain","computed":true},"x_robots_tag":{"type":"string","description_kind":"plain","computed":true},"x_xss_protection":{"type":"string","description_kind":"plain","computed":true}},"description_kind":"plain"}}},"description_kind":"plain"}},"smtp_server":{"nesting_mode":"list","block":{"attributes":{"envelope_from":{"type":"string","description_kind":"plain","computed":true},"from":{"type":"string","description_kind":"plain","computed":true},"from_display_name":{"type":"string","description_kind":"plain","computed":true},"host":{"type":"string","description_kind":"plain","computed":true},"port":{"type":"string","description_kind":"plain","computed":true},"reply_to":{"type":"string","description_kind":"plain","computed":true},"reply_to_display_name":{"type":"string","description_kind":"plain","computed":true},"ssl":{"type":"bool","description_kind":"plain","computed":true},"starttls":{"type":"bool","description_kind":"plain","computed":true}},"block_types":{"auth":{"nesting_mode":"list","block":{"attributes":{"password":{"type":"string","description_kind":"plain","computed":true,"sensitive":true},"username":{"type":"string","description_kind":"plain","computed":true}},"description_kind":"plain"}},"token_auth":{"nesting_mode":"list","block":{"attributes":{"client_id":{"type":"string","description_kind":"plain","computed":true},"client_secret":{"type":"string","description_kind":"plain","computed":true,"sensitive":true},"scope":{"type":"string","description_kind":"plain","computed":true},"url":{"type":"string","description_kind":"plain","computed":true},"username":{"type":"string","description_kind":"plain","computed":true}},"description_kind":"plain"}}},"description_kind":"plain"}},"web_authn_passwordless_policy":{"nesting_mode":"list","block":{"attributes":{"acceptable_aaguids":{"type":["set","string"],"description_kind":"plain","computed":true},"attestation_conveyance_preference":{"type":"string","description":"Either none, indirect or direct","description_kind":"plain","computed":true},"authenticator_attachment":{"type":"string","description":"Either platform or cross-platform","description_kind":"plain","computed":true},"avoid_same_authenticator_register":{"type":"bool","description_kind":"plain","computed":true},"create_timeout":{"type":"number","description_kind":"plain","computed":true},"discoverable_credential":{"type":"string","description":"Either required, preferred or discouraged. Replaces and takes precedence over the deprecated require_resident_key attribute. Requires Keycloak 26.7 or higher.","description_kind":"plain","computed":true},"extra_origins":{"type":["set","string"],"description_kind":"plain","computed":true},"passwordless_passkeys_enabled":{"type":"bool","description_kind":"plain","computed":true},"relying_party_entity_name":{"type":"string","description_kind":"plain","computed":true},"relying_party_id":{"type":"string","description_kind":"plain","computed":true},"require_resident_key":{"type":"string","description":"Either Yes or No","description_kind":"plain","deprecated":true,"computed":true},"signature_algorithms":{"type":["set","string"],"description":"Keycloak lists ES256, ES384, ES512, RS256, ES384, ES512 at the time of writing","description_kind":"plain","computed":true},"user_verification_requirement":{"type":"string","description":"Either required, preferred or discouraged","description_kind":"plain","computed":true}},"description_kind":"plain"},"max_items":1},"web_authn_policy":{"nesting_mode":"list","block":{"attributes":{"acceptable_aaguids":{"type":["set","string"],"description_kind":"plain","computed":true},"attestation_conveyance_preference":{"type":"string","description":"Either none, indirect or direct","description_kind":"plain","computed":true},"authenticator_attachment":{"type":"string","description":"Either platform or cross-platform","description_kind":"plain","computed":true},"avoid_same_authenticator_register":{"type":"bool","description_kind":"plain","computed":true},"create_timeout":{"type":"number","description_kind":"plain","computed":true},"discoverable_credential":{"type":"string","description":"Either required, preferred or discouraged. Replaces and takes precedence over the deprecated require_resident_key attribute. Requires Keycloak 26.7 or higher.","description_kind":"plain","computed":true},"extra_origins":{"type":["set","string"],"description_kind":"plain","computed":true},"passwordless_passkeys_enabled":{"type":"bool","description_kind":"plain","computed":true},"relying_party_entity_name":{"type":"string","description_kind":"plain","computed":true},"relying_party_id":{"type":"string","description_kind":"plain","computed":true},"require_resident_key":{"type":"string","description":"Either Yes or No","description_kind":"plain","deprecated":true,"computed":true},"signature_algorithms":{"type":["set","string"],"description":"Keycloak lists ES256, ES384, ES512, RS256, ES384, ES512 at the time of writing","description_kind":"plain","computed":true},"user_verification_requirement":{"type":"string","description":"Either required, preferred or discouraged","description_kind":"plain","computed":true}},"description_kind":"plain"},"max_items":1}},"description_kind":"plain"}},"keycloak_realm_client_registration_policy":{"version":0,"block":{"attributes":{"config":{"type":["map","string"],"description":"Policy-specific configuration key-value pairs.","description_kind":"plain","computed":true},"id":{"type":"string","description_kind":"plain","optional":true,"computed":true},"name":{"type":"string","description":"The name of the client registration policy to find.","description_kind":"plain","required":true},"provider_id":{"type":"string","description":"Filter by provider ID (e.g. 'trusted-hosts', 'max-clients').","description_kind":"plain","optional":true,"computed":true},"realm_id":{"type":"string","description":"The realm this client registration policy belongs to.","description_kind":"plain","required":true},"sub_type":{"type":"string","description":"Filter by sub-type ('anonymous' or 'authenticated').","description_kind":"plain","optional":true,"computed":true}},"description_kind":"plain"}},"keycloak_realm_keys":{"version":0,"block":{"attributes":{"algorithms":{"type":["set","string"],"description_kind":"plain","optional":true},"id":{"type":"string","description_kind":"plain","optional":true,"computed":true},"keys":{"type":["list",["object",{"algorithm":"string","certificate":"string","kid":"string","provider_id":"string","provider_priority":"number","public_key":"string","status":"string","type":"string"}]],"description_kind":"plain","computed":true},"realm_id":{"type":"string","description_kind":"plain","required":true},"status":{"type":["set","string"],"description_kind":"plain","optional":true}},"description_kind":"plain"}},"keycloak_role":{"version":0,"block":{"attributes":{"attributes":{"type":["map","string"],"description_kind":"plain","computed":true},"client_id":{"type":"string","description_kind":"plain","optional":true},"composite_roles":{"type":["set","string"],"description_kind":"plain","computed":true},"description":{"type":"string","description_kind":"plain","computed":true},"id":{"type":"string","description_kind":"plain","optional":true,"computed":true},"name":{"type":"string","description_kind":"plain","required":true},"realm_id":{"type":"string","description_kind":"plain","required":true}},"description_kind":"plain"}},"keycloak_saml_client":{"version":0,"block":{"attributes":{"always_display_in_console":{"type":"bool","description_kind":"plain","computed":true},"assertion_consumer_post_url":{"type":"string","description_kind":"plain","computed":true},"assertion_consumer_redirect_url":{"type":"string","description_kind":"plain","computed":true},"authentication_flow_binding_overrides":{"type":["set",["object",{"browser_id":"string","direct_grant_id":"string"}]],"description_kind":"plain","computed":true},"base_url":{"type":"string","description_kind":"plain","computed":true},"canonicalization_method":{"type":"string","description_kind":"plain","computed":true},"client_id":{"type":"string","description_kind":"plain","required":true},"client_signature_required":{"type":"bool","description_kind":"plain","computed":true},"consent_required":{"type":"bool","description_kind":"plain","computed":true},"description":{"type":"string","description_kind":"plain","computed":true},"enabled":{"type":"bool","description_kind":"plain","computed":true},"encrypt_assertions":{"type":"bool","description_kind":"plain","computed":true},"encryption_algorithm":{"type":"string","description_kind":"plain","computed":true},"encryption_certificate":{"type":"string","description_kind":"plain","computed":true},"encryption_certificate_sha1":{"type":"string","description_kind":"plain","computed":true},"encryption_digest_method":{"type":"string","description_kind":"plain","computed":true},"encryption_key_algorithm":{"type":"string","description_kind":"plain","computed":true},"encryption_mask_generation_function":{"type":"string","description_kind":"plain","computed":true},"extra_config":{"type":["map","string"],"description_kind":"plain","computed":true},"force_name_id_format":{"type":"bool","description_kind":"plain","computed":true},"force_post_binding":{"type":"bool","description_kind":"plain","computed":true},"front_channel_logout":{"type":"bool","description_kind":"plain","computed":true},"full_scope_allowed":{"type":"bool","description_kind":"plain","computed":true},"id":{"type":"string","description_kind":"plain","optional":true,"computed":true},"idp_initiated_sso_relay_state":{"type":"string","description_kind":"plain","computed":true},"idp_initiated_sso_url_name":{"type":"string","description_kind":"plain","computed":true},"include_authn_statement":{"type":"bool","description_kind":"plain","computed":true},"login_theme":{"type":"string","description_kind":"plain","computed":true},"logout_service_post_binding_url":{"type":"string","description_kind":"plain","computed":true},"logout_service_redirect_binding_url":{"type":"string","description_kind":"plain","computed":true},"master_saml_processing_url":{"type":"string","description_kind":"plain","computed":true},"name":{"type":"string","description_kind":"plain","computed":true},"name_id_format":{"type":"string","description_kind":"plain","computed":true},"realm_id":{"type":"string","description_kind":"plain","required":true},"root_url":{"type":"string","description_kind":"plain","computed":true},"saml_signature_key_name":{"type":"string","description_kind":"plain","computed":true},"sign_assertions":{"type":"bool","description_kind":"plain","computed":true},"sign_documents":{"type":"bool","description_kind":"plain","computed":true},"signature_algorithm":{"type":"string","description_kind":"plain","computed":true},"signature_key_name":{"type":"string","description_kind":"plain","computed":true},"signing_certificate":{"type":"string","description_kind":"plain","computed":true},"signing_certificate_sha1":{"type":"string","description_kind":"plain","computed":true},"signing_private_key":{"type":"string","description_kind":"plain","computed":true},"signing_private_key_sha1":{"type":"string","description_kind":"plain","computed":true},"valid_redirect_uris":{"type":["set","string"],"description_kind":"plain","computed":true}},"description_kind":"plain"}},"keycloak_saml_client_installation_provider":{"version":0,"block":{"attributes":{"client_id":{"type":"string","description_kind":"plain","required":true},"id":{"type":"string","description_kind":"plain","optional":true,"computed":true},"provider_id":{"type":"string","description_kind":"plain","required":true},"realm_id":{"type":"string","description_kind":"plain","required":true},"value":{"type":"string","description_kind":"plain","computed":true}},"description_kind":"plain"}},"keycloak_saml_client_scope":{"version":0,"block":{"attributes":{"consent_screen_text":{"type":"string","description_kind":"plain","computed":true},"description":{"type":"string","description_kind":"plain","computed":true},"extra_config":{"type":["map","string"],"description_kind":"plain","optional":true,"computed":true},"gui_order":{"type":"number","description_kind":"plain","computed":true},"id":{"type":"string","description_kind":"plain","optional":true,"computed":true},"name":{"type":"string","description_kind":"plain","required":true},"realm_id":{"type":"string","description_kind":"plain","required":true}},"description_kind":"plain"}},"keycloak_user":{"version":0,"block":{"attributes":{"attributes":{"type":["map","string"],"description_kind":"plain","computed":true},"email":{"type":"string","description_kind":"plain","computed":true},"email_verified":{"type":"bool","description_kind":"plain","computed":true},"enabled":{"type":"bool","description_kind":"plain","computed":true},"federated_identity":{"type":["set","string"],"description_kind":"plain","computed":true},"first_name":{"type":"string","description_kind":"plain","computed":true},"id":{"type":"string","description_kind":"plain","optional":true,"computed":true},"last_name":{"type":"string","description_kind":"plain","computed":true},"realm_id":{"type":"string","description_kind":"plain","required":true},"required_actions":{"type":["set","string"],"description_kind":"plain","computed":true},"username":{"type":"string","description_kind":"plain","required":true}},"description_kind":"plain"}},"keycloak_user_realm_roles":{"version":0,"block":{"attributes":{"id":{"type":"string","description_kind":"plain","optional":true,"computed":true},"realm_id":{"type":"string","description_kind":"plain","required":true},"role_names":{"type":["set","string"],"description_kind":"plain","computed":true},"user_id":{"type":"string","description_kind":"plain","required":true}},"description_kind":"plain"}},"keycloak_workflow":{"version":0,"block":{"attributes":{"cancel_in_progress":{"type":"string","description_kind":"plain","computed":true},"conditions":{"type":"string","description_kind":"plain","computed":true},"enabled":{"type":"bool","description_kind":"plain","computed":true},"id":{"type":"string","description_kind":"plain","optional":true,"computed":true},"name":{"type":"string","description":"The name of the workflow.","description_kind":"plain","required":true},"on":{"type":"string","description_kind":"plain","computed":true},"realm":{"type":"string","description":"The realm this workflow belongs to.","description_kind":"plain","required":true},"restart_in_progress":{"type":"string","description_kind":"plain","computed":true},"schedule":{"type":["list",["object",{"after":"string","batch_size":"number"}]],"description_kind":"plain","computed":true},"state":{"type":["list",["object",{"errors":["list","string"]}]],"description_kind":"plain","computed":true},"step":{"type":["list",["object",{"after":"string","config":["map","string"],"priority":"string","scheduled_at":"number","status":"string","uses":"string"}]],"description_kind":"plain","computed":true}},"description_kind":"plain"}}}}}}
